// !$*UTF8*$!
{
	archiveVersion = 1;
	classes = {
	};
	objectVersion = 55;
	objects = {

/* Begin PBXBuildFile section */
		BE080EF827B80F00008844B5 /* EssentialFeed.docc in Sources */ = {isa = PBXBuildFile; fileRef = BE080EF727B80F00008844B5 /* EssentialFeed.docc */; };
		BE080EFE27B80F00008844B5 /* EssentialFeed.framework in Frameworks */ = {isa = PBXBuildFile; fileRef = BE080EF327B80F00008844B5 /* EssentialFeed.framework */; };
		BE080F0427B80F00008844B5 /* EssentialFeed.h in Headers */ = {isa = PBXBuildFile; fileRef = BE080EF627B80F00008844B5 /* EssentialFeed.h */; settings = {ATTRIBUTES = (Public, ); }; };
		BE080F1027B80F7B008844B5 /* FeedImage.swift in Sources */ = {isa = PBXBuildFile; fileRef = BE080F0F27B80F7B008844B5 /* FeedImage.swift */; };
		BE080F1A27B93906008844B5 /* HTTPClient.swift in Sources */ = {isa = PBXBuildFile; fileRef = BE080F1927B93906008844B5 /* HTTPClient.swift */; };
		BE080F1C27B939A1008844B5 /* FeedItemsMapper.swift in Sources */ = {isa = PBXBuildFile; fileRef = BE080F1B27B939A1008844B5 /* FeedItemsMapper.swift */; };
		BE080F1F27BCA6BC008844B5 /* URLSessionHTTPClientTests.swift in Sources */ = {isa = PBXBuildFile; fileRef = BE080F1E27BCA6BC008844B5 /* URLSessionHTTPClientTests.swift */; };
		BE148ACF27CE6F55002C433D /* CodableFeedStore.swift in Sources */ = {isa = PBXBuildFile; fileRef = BE148ACE27CE6F55002C433D /* CodableFeedStore.swift */; };
		BE148AD127CEA572002C433D /* FeedStoreSpecs.swift in Sources */ = {isa = PBXBuildFile; fileRef = BE148AD027CEA571002C433D /* FeedStoreSpecs.swift */; };
		BE148AD327CEA60B002C433D /* XCTestCase+FeedStoreSpecs.swift in Sources */ = {isa = PBXBuildFile; fileRef = BE148AD227CEA60B002C433D /* XCTestCase+FeedStoreSpecs.swift */; };
		BE27FB3327E9674B006FFC04 /* FeedPresenterTests.swift in Sources */ = {isa = PBXBuildFile; fileRef = BE27FB3227E9674B006FFC04 /* FeedPresenterTests.swift */; };
		BE27FB3527E96BB8006FFC04 /* ErrorView.swift in Sources */ = {isa = PBXBuildFile; fileRef = BE27FB3427E96BB8006FFC04 /* ErrorView.swift */; };
		BE27FB3A27E96F81006FFC04 /* UIRefreshControl+Helpers.swift in Sources */ = {isa = PBXBuildFile; fileRef = BE27FB3927E96F81006FFC04 /* UIRefreshControl+Helpers.swift */; };
		BE27FB4427EA0B67006FFC04 /* FeedPresenter.swift in Sources */ = {isa = PBXBuildFile; fileRef = BE27FB4327EA0B67006FFC04 /* FeedPresenter.swift */; };
		BE27FB4527EA0BF3006FFC04 /* Feed.strings in Resources */ = {isa = PBXBuildFile; fileRef = BE27FB3F27EA06B1006FFC04 /* Feed.strings */; };
		BE27FB4727EA0C76006FFC04 /* FeedViewModel.swift in Sources */ = {isa = PBXBuildFile; fileRef = BE27FB4627EA0C76006FFC04 /* FeedViewModel.swift */; };
		BE27FB4927EA0D68006FFC04 /* ResourceErrorViewModel.swift in Sources */ = {isa = PBXBuildFile; fileRef = BE27FB4827EA0D68006FFC04 /* ResourceErrorViewModel.swift */; };
		BE27FB4B27EA0D87006FFC04 /* ResourceLoadingViewModel.swift in Sources */ = {isa = PBXBuildFile; fileRef = BE27FB4A27EA0D87006FFC04 /* ResourceLoadingViewModel.swift */; };
		BE27FB4D27EA0ECE006FFC04 /* FeedLocalizationTests.swift in Sources */ = {isa = PBXBuildFile; fileRef = BECB71D327DD4661006E37E9 /* FeedLocalizationTests.swift */; };
		BE27FB4F27EA16FA006FFC04 /* FeedImagePresenterTests.swift in Sources */ = {isa = PBXBuildFile; fileRef = BE27FB4E27EA16FA006FFC04 /* FeedImagePresenterTests.swift */; };
		BE27FB5127EA1B88006FFC04 /* FeedImagePresenter.swift in Sources */ = {isa = PBXBuildFile; fileRef = BE27FB5027EA1B88006FFC04 /* FeedImagePresenter.swift */; };
		BE27FB5327EA1BFB006FFC04 /* FeedImageViewModel.swift in Sources */ = {isa = PBXBuildFile; fileRef = BE27FB5227EA1BFB006FFC04 /* FeedImageViewModel.swift */; };
		BE27FB5A27EBCD07006FFC04 /* FeedImageDataLoader.swift in Sources */ = {isa = PBXBuildFile; fileRef = BE8442FC27D6798D00202281 /* FeedImageDataLoader.swift */; };
		BE27FB6427EBF599006FFC04 /* HTTPURLResponse+StatusCode.swift in Sources */ = {isa = PBXBuildFile; fileRef = BE27FB6327EBF599006FFC04 /* HTTPURLResponse+StatusCode.swift */; };
		BE27FB6627EBF614006FFC04 /* URLProtocolStub.swift in Sources */ = {isa = PBXBuildFile; fileRef = BE27FB6527EBF614006FFC04 /* URLProtocolStub.swift */; };
		BE27FB6827EBF6D1006FFC04 /* LoadFeedImageDataFromCacheUseCaseTests.swift in Sources */ = {isa = PBXBuildFile; fileRef = BE27FB6727EBF6D1006FFC04 /* LoadFeedImageDataFromCacheUseCaseTests.swift */; };
		BE27FB6A27EC027E006FFC04 /* LocalFeedImageDataLoader.swift in Sources */ = {isa = PBXBuildFile; fileRef = BE27FB6927EC027E006FFC04 /* LocalFeedImageDataLoader.swift */; };
		BE27FB6C27EC028A006FFC04 /* FeedImageDataStore.swift in Sources */ = {isa = PBXBuildFile; fileRef = BE27FB6B27EC028A006FFC04 /* FeedImageDataStore.swift */; };
		BE27FB6E27EC0524006FFC04 /* FeedImageDataStoreSpy.swift in Sources */ = {isa = PBXBuildFile; fileRef = BE27FB6D27EC0524006FFC04 /* FeedImageDataStoreSpy.swift */; };
		BE27FB7027EC056F006FFC04 /* CacheFeedImageDataUseCaseTests.swift in Sources */ = {isa = PBXBuildFile; fileRef = BE27FB6F27EC056F006FFC04 /* CacheFeedImageDataUseCaseTests.swift */; };
		BE27FB7227EC09AE006FFC04 /* CoreDataFeedImageDataStoreTests.swift in Sources */ = {isa = PBXBuildFile; fileRef = BE27FB7127EC09AE006FFC04 /* CoreDataFeedImageDataStoreTests.swift */; };
		BE27FB7527EC0B8A006FFC04 /* CoreDataFeedStore+FeedImageDataLoader.swift in Sources */ = {isa = PBXBuildFile; fileRef = BE27FB7427EC0B8A006FFC04 /* CoreDataFeedStore+FeedImageDataLoader.swift */; };
		BE27FB7727EC0D07006FFC04 /* CoreDataFeedStore+FeedStore.swift in Sources */ = {isa = PBXBuildFile; fileRef = BE27FB7627EC0D07006FFC04 /* CoreDataFeedStore+FeedStore.swift */; };
		BE556945281C3574000E0FAC /* FeedCache.swift in Sources */ = {isa = PBXBuildFile; fileRef = BE556944281C3574000E0FAC /* FeedCache.swift */; };
		BE55694F281C8863000E0FAC /* FeedImageDataCache.swift in Sources */ = {isa = PBXBuildFile; fileRef = BE55694E281C8863000E0FAC /* FeedImageDataCache.swift */; };
		BE58F623294291DE0058D949 /* CellController.swift in Sources */ = {isa = PBXBuildFile; fileRef = BE58F622294291DD0058D949 /* CellController.swift */; };
		BE6038B227C479B000637D3D /* CacheFeedUseCaseTests.swift in Sources */ = {isa = PBXBuildFile; fileRef = BE6038B127C479B000637D3D /* CacheFeedUseCaseTests.swift */; };
		BE6038B527C5340700637D3D /* LocalFeedLoader.swift in Sources */ = {isa = PBXBuildFile; fileRef = BE6038B427C5340700637D3D /* LocalFeedLoader.swift */; };
		BE6038B727C5347700637D3D /* FeedStore.swift in Sources */ = {isa = PBXBuildFile; fileRef = BE6038B627C5347700637D3D /* FeedStore.swift */; };
		BE6C5F8727BF3C7E00C74C0D /* XCTestCase+MemoryLeakTrackingHelper.swift in Sources */ = {isa = PBXBuildFile; fileRef = BE6C5F8627BF3C7E00C74C0D /* XCTestCase+MemoryLeakTrackingHelper.swift */; };
		BE6C5F8927BF4A3F00C74C0D /* URLSessionHTTPClient.swift in Sources */ = {isa = PBXBuildFile; fileRef = BE6C5F8827BF4A3F00C74C0D /* URLSessionHTTPClient.swift */; };
		BE6C5F9127C013FC00C74C0D /* EssentialFeedAPIEndToEndTests.swift in Sources */ = {isa = PBXBuildFile; fileRef = BE6C5F9027C013FC00C74C0D /* EssentialFeedAPIEndToEndTests.swift */; };
		BE6C5F9227C013FC00C74C0D /* EssentialFeed.framework in Frameworks */ = {isa = PBXBuildFile; fileRef = BE080EF327B80F00008844B5 /* EssentialFeed.framework */; };
		BE6C5F9827C0199800C74C0D /* XCTestCase+MemoryLeakTrackingHelper.swift in Sources */ = {isa = PBXBuildFile; fileRef = BE6C5F8627BF3C7E00C74C0D /* XCTestCase+MemoryLeakTrackingHelper.swift */; };
		BE84428827CF168D00202281 /* XCTestCase+FailableRetrieveFeedStoreSpecs.swift in Sources */ = {isa = PBXBuildFile; fileRef = BE84428727CF168D00202281 /* XCTestCase+FailableRetrieveFeedStoreSpecs.swift */; };
		BE84428A27CF174300202281 /* XCTestCase+FailableInsertFeedStoreSpecs.swift in Sources */ = {isa = PBXBuildFile; fileRef = BE84428927CF174300202281 /* XCTestCase+FailableInsertFeedStoreSpecs.swift */; };
		BE84428C27CF17AD00202281 /* XCTestCase+FailableDeleteFeedStoreSpecs.swift in Sources */ = {isa = PBXBuildFile; fileRef = BE84428B27CF17AD00202281 /* XCTestCase+FailableDeleteFeedStoreSpecs.swift */; };
		BE84428F27CFCF9100202281 /* CoreDataFeedStoreTests.swift in Sources */ = {isa = PBXBuildFile; fileRef = BE84428E27CFCF9100202281 /* CoreDataFeedStoreTests.swift */; };
		BE84429127CFD01D00202281 /* CoreDataFeedStore.swift in Sources */ = {isa = PBXBuildFile; fileRef = BE84429027CFD01D00202281 /* CoreDataFeedStore.swift */; };
		BE84429427CFD23900202281 /* FeedStore.xcdatamodeld in Sources */ = {isa = PBXBuildFile; fileRef = BE84429227CFD23900202281 /* FeedStore.xcdatamodeld */; };
		BE84429927CFEB6D00202281 /* CoreDataHelpers.swift in Sources */ = {isa = PBXBuildFile; fileRef = BE84429827CFEB6D00202281 /* CoreDataHelpers.swift */; };
		BE84429C27CFEC8100202281 /* ManagedCache.swift in Sources */ = {isa = PBXBuildFile; fileRef = BE84429B27CFEC8100202281 /* ManagedCache.swift */; };
		BE84429E27CFECB400202281 /* ManagedFeedImage.swift in Sources */ = {isa = PBXBuildFile; fileRef = BE84429D27CFECB400202281 /* ManagedFeedImage.swift */; };
		BE8442A627CFFD1700202281 /* EssentialFeedCacheIntegrationTests.swift in Sources */ = {isa = PBXBuildFile; fileRef = BE8442A527CFFD1700202281 /* EssentialFeedCacheIntegrationTests.swift */; };
		BE8442A727CFFD1700202281 /* EssentialFeed.framework in Frameworks */ = {isa = PBXBuildFile; fileRef = BE080EF327B80F00008844B5 /* EssentialFeed.framework */; };
		BE8442AD27CFFF4D00202281 /* XCTestCase+MemoryLeakTrackingHelper.swift in Sources */ = {isa = PBXBuildFile; fileRef = BE6C5F8627BF3C7E00C74C0D /* XCTestCase+MemoryLeakTrackingHelper.swift */; };
		BE8442AE27D0014300202281 /* FeedCacheTestHelpers.swift in Sources */ = {isa = PBXBuildFile; fileRef = BEBD698327C94E4D00B44885 /* FeedCacheTestHelpers.swift */; };
		BE8442AF27D0015A00202281 /* SharedTestHelpers.swift in Sources */ = {isa = PBXBuildFile; fileRef = BEBD698527C94EF800B44885 /* SharedTestHelpers.swift */; };
		BE8442C227D2AC3600202281 /* EssentialFeediOS.docc in Sources */ = {isa = PBXBuildFile; fileRef = BE8442C127D2AC3600202281 /* EssentialFeediOS.docc */; };
		BE8442C827D2AC3600202281 /* EssentialFeediOS.framework in Frameworks */ = {isa = PBXBuildFile; fileRef = BE8442BE27D2AC3600202281 /* EssentialFeediOS.framework */; };
		BE8442D827D30D5B00202281 /* EssentialFeed.framework in Frameworks */ = {isa = PBXBuildFile; fileRef = BE080EF327B80F00008844B5 /* EssentialFeed.framework */; };
		BE8442D927D30D5B00202281 /* EssentialFeed.framework in Embed Frameworks */ = {isa = PBXBuildFile; fileRef = BE080EF327B80F00008844B5 /* EssentialFeed.framework */; settings = {ATTRIBUTES = (CodeSignOnCopy, RemoveHeadersOnCopy, ); }; };
		BE8442DD27D30EC500202281 /* XCTestCase+MemoryLeakTrackingHelper.swift in Sources */ = {isa = PBXBuildFile; fileRef = BE6C5F8627BF3C7E00C74C0D /* XCTestCase+MemoryLeakTrackingHelper.swift */; };
		BE8442DF27D3A1BC00202281 /* ListViewController.swift in Sources */ = {isa = PBXBuildFile; fileRef = BE8442DE27D3A1BB00202281 /* ListViewController.swift */; };
		BE8442E127D4E7FE00202281 /* FeedImageCell.swift in Sources */ = {isa = PBXBuildFile; fileRef = BE8442E027D4E7FE00202281 /* FeedImageCell.swift */; };
		BE8442E427D5583200202281 /* UIView+Shimmering.swift in Sources */ = {isa = PBXBuildFile; fileRef = BE8442E327D5583200202281 /* UIView+Shimmering.swift */; };
		BE84430127D680CA00202281 /* FeedImageCellController.swift in Sources */ = {isa = PBXBuildFile; fileRef = BE84430027D680CA00202281 /* FeedImageCellController.swift */; };
		BE84437E27DD175900202281 /* Feed.storyboard in Resources */ = {isa = PBXBuildFile; fileRef = BE84437D27DD175900202281 /* Feed.storyboard */; };
		BE84438027DD17AF00202281 /* Feed.xcassets in Resources */ = {isa = PBXBuildFile; fileRef = BE84437F27DD17AF00202281 /* Feed.xcassets */; };
		BE99A59728EDD70100904FAE /* FeedImageDataMapperTests.swift in Sources */ = {isa = PBXBuildFile; fileRef = BE99A59628EDD70100904FAE /* FeedImageDataMapperTests.swift */; };
		BE99A59928EDD7DA00904FAE /* FeedImageDataMapper.swift in Sources */ = {isa = PBXBuildFile; fileRef = BE99A59828EDD7DA00904FAE /* FeedImageDataMapper.swift */; };
		BE99A59C28EF1AF100904FAE /* LoadResourcePresenterTests.swift in Sources */ = {isa = PBXBuildFile; fileRef = BE99A59B28EF1AF100904FAE /* LoadResourcePresenterTests.swift */; };
		BE99A59F28EF1E2500904FAE /* LoadResourcePresenter.swift in Sources */ = {isa = PBXBuildFile; fileRef = BE99A59E28EF1E2500904FAE /* LoadResourcePresenter.swift */; };
		BE99A5A328EF24FB00904FAE /* SharedLocalizationTests.swift in Sources */ = {isa = PBXBuildFile; fileRef = BE99A5A228EF24FB00904FAE /* SharedLocalizationTests.swift */; };
		BE99A5A428EF257600904FAE /* Shared.strings in Resources */ = {isa = PBXBuildFile; fileRef = BE99A5A628EF257600904FAE /* Shared.strings */; };
		BE99A5AA28EF27E000904FAE /* SharedLocalizationTestHelpers.swift in Sources */ = {isa = PBXBuildFile; fileRef = BE99A5A928EF27E000904FAE /* SharedLocalizationTestHelpers.swift */; };
		BE99A6022901C98500904FAE /* ResourceLoadingView.swift in Sources */ = {isa = PBXBuildFile; fileRef = BE99A6012901C98500904FAE /* ResourceLoadingView.swift */; };
		BE99A6042901CA1600904FAE /* ResourceErrorView.swift in Sources */ = {isa = PBXBuildFile; fileRef = BE99A6032901CA1600904FAE /* ResourceErrorView.swift */; };
		BE99A6072906CA2C00904FAE /* ImageCommentsPresenterTests.swift in Sources */ = {isa = PBXBuildFile; fileRef = BE99A6062906CA2C00904FAE /* ImageCommentsPresenterTests.swift */; };
		BE99A60A2906CAD300904FAE /* ImageCommentsPresenter.swift in Sources */ = {isa = PBXBuildFile; fileRef = BE99A6092906CAD300904FAE /* ImageCommentsPresenter.swift */; };
		BE99A60E2906CBB000904FAE /* ImageCommentsLocalizationTests.swift in Sources */ = {isa = PBXBuildFile; fileRef = BE99A60D2906CBB000904FAE /* ImageCommentsLocalizationTests.swift */; };
		BE99A60F2906CC1000904FAE /* ImageComments.strings in Resources */ = {isa = PBXBuildFile; fileRef = BE99A6112906CC1000904FAE /* ImageComments.strings */; };
		BE99A6282907273100904FAE /* LIST_WITH_ERROR_MESSAGE_dark.png in Resources */ = {isa = PBXBuildFile; fileRef = BE99A61C2907273100904FAE /* LIST_WITH_ERROR_MESSAGE_dark.png */; };
		BE99A6292907273100904FAE /* FEED_WITH_FAILED_IMAGE_LOADING_dark.png in Resources */ = {isa = PBXBuildFile; fileRef = BE99A61D2907273100904FAE /* FEED_WITH_FAILED_IMAGE_LOADING_dark.png */; };
		BE99A62B2907273100904FAE /* FEED_WITH_CONTENT_dark.png in Resources */ = {isa = PBXBuildFile; fileRef = BE99A61F2907273100904FAE /* FEED_WITH_CONTENT_dark.png */; };
		BE99A62D2907273100904FAE /* EMPTY_LIST_light.png in Resources */ = {isa = PBXBuildFile; fileRef = BE99A6212907273100904FAE /* EMPTY_LIST_light.png */; };
		BE99A62F2907273100904FAE /* FEED_WITH_CONTENT_light.png in Resources */ = {isa = PBXBuildFile; fileRef = BE99A6232907273100904FAE /* FEED_WITH_CONTENT_light.png */; };
		BE99A6302907273100904FAE /* FEED_WITH_FAILED_IMAGE_LOADING_light.png in Resources */ = {isa = PBXBuildFile; fileRef = BE99A6242907273100904FAE /* FEED_WITH_FAILED_IMAGE_LOADING_light.png */; };
		BE99A6322907273100904FAE /* LIST_WITH_ERROR_MESSAGE_light.png in Resources */ = {isa = PBXBuildFile; fileRef = BE99A6262907273100904FAE /* LIST_WITH_ERROR_MESSAGE_light.png */; };
		BE99A6332907273100904FAE /* EMPTY_LIST_dark.png in Resources */ = {isa = PBXBuildFile; fileRef = BE99A6272907273100904FAE /* EMPTY_LIST_dark.png */; };
		BE99A63529072F0200904FAE /* ListSnapshotTests.swift in Sources */ = {isa = PBXBuildFile; fileRef = BE99A63429072F0200904FAE /* ListSnapshotTests.swift */; };
		BE99A6372907324900904FAE /* UIViewController+Snapshot.swift in Sources */ = {isa = PBXBuildFile; fileRef = BE99A6362907324900904FAE /* UIViewController+Snapshot.swift */; };
		BE99A6392907332D00904FAE /* XCTestCase+Shapshot.swift in Sources */ = {isa = PBXBuildFile; fileRef = BE99A6382907332D00904FAE /* XCTestCase+Shapshot.swift */; };
		BE99A63D2907368000904FAE /* ImageCommentsSnapshotTests.swift in Sources */ = {isa = PBXBuildFile; fileRef = BE99A63C2907368000904FAE /* ImageCommentsSnapshotTests.swift */; };
		BE99A6412907385F00904FAE /* ImageCommentCellController.swift in Sources */ = {isa = PBXBuildFile; fileRef = BE99A6402907385F00904FAE /* ImageCommentCellController.swift */; };
		BE99A644290738E600904FAE /* ImageComments.storyboard in Resources */ = {isa = PBXBuildFile; fileRef = BE99A643290738E600904FAE /* ImageComments.storyboard */; };
		BE99A64B29073A0700904FAE /* ImageCommentCell.swift in Sources */ = {isa = PBXBuildFile; fileRef = BE99A64A29073A0700904FAE /* ImageCommentCell.swift */; };
		BEA263AA28E1F70300EAFE50 /* FeedSnapshotTests.swift in Sources */ = {isa = PBXBuildFile; fileRef = BEA263A928E1F70300EAFE50 /* FeedSnapshotTests.swift */; };
		BEA263AD28E2108600EAFE50 /* UIImage+TestHelpers.swift in Sources */ = {isa = PBXBuildFile; fileRef = BEA263AC28E2108600EAFE50 /* UIImage+TestHelpers.swift */; };
		BEA263AF28E2164E00EAFE50 /* UITableView+HeaderSizing.swift in Sources */ = {isa = PBXBuildFile; fileRef = BEA263AE28E2164E00EAFE50 /* UITableView+HeaderSizing.swift */; };
		BEA263B428E72CB500EAFE50 /* ImageCommentsMapperTests.swift in Sources */ = {isa = PBXBuildFile; fileRef = BEA263B328E72CB400EAFE50 /* ImageCommentsMapperTests.swift */; };
		BEA263B828E72E3D00EAFE50 /* ImageCommentsMapper.swift in Sources */ = {isa = PBXBuildFile; fileRef = BEA263B728E72E3D00EAFE50 /* ImageCommentsMapper.swift */; };
		BEA263BB28E75B8900EAFE50 /* ImageComment.swift in Sources */ = {isa = PBXBuildFile; fileRef = BEA263BA28E75B8900EAFE50 /* ImageComment.swift */; };
		BEAA737927C6869F00750CD6 /* LocalFeedImage.swift in Sources */ = {isa = PBXBuildFile; fileRef = BEAA737827C6869F00750CD6 /* LocalFeedImage.swift */; };
		BEBD697D27C7BAB900B44885 /* LoadFeedFromCacheUseCaseTests.swift in Sources */ = {isa = PBXBuildFile; fileRef = BEBD697C27C7BAB900B44885 /* LoadFeedFromCacheUseCaseTests.swift */; };
		BEBD698027C7C14D00B44885 /* FeedStoreSpy.swift in Sources */ = {isa = PBXBuildFile; fileRef = BEBD697F27C7C14D00B44885 /* FeedStoreSpy.swift */; };
		BEBD698227C948A200B44885 /* ValidateFeedCacheUseCaseTests.swift in Sources */ = {isa = PBXBuildFile; fileRef = BEBD698127C948A200B44885 /* ValidateFeedCacheUseCaseTests.swift */; };
		BEBD698427C94E4D00B44885 /* FeedCacheTestHelpers.swift in Sources */ = {isa = PBXBuildFile; fileRef = BEBD698327C94E4D00B44885 /* FeedCacheTestHelpers.swift */; };
		BEBD698627C94EF800B44885 /* SharedTestHelpers.swift in Sources */ = {isa = PBXBuildFile; fileRef = BEBD698527C94EF800B44885 /* SharedTestHelpers.swift */; };
		BEBD698E27CA70E100B44885 /* FeedCachePolicy.swift in Sources */ = {isa = PBXBuildFile; fileRef = BEBD698D27CA70E100B44885 /* FeedCachePolicy.swift */; };
		BEBD698F27CBBD1700B44885 /* FeedItemsMapperTests.swift in Sources */ = {isa = PBXBuildFile; fileRef = BE080F1427B816B4008844B5 /* FeedItemsMapperTests.swift */; };
		BEBD699127CD10F500B44885 /* CodableFeedStoreTests.swift in Sources */ = {isa = PBXBuildFile; fileRef = BEBD699027CD10F500B44885 /* CodableFeedStoreTests.swift */; };
		BECB71C627DD3375006E37E9 /* UITableView+Dequeueing.swift in Sources */ = {isa = PBXBuildFile; fileRef = BECB71C527DD3375006E37E9 /* UITableView+Dequeueing.swift */; };
		BECB71C827DD3452006E37E9 /* UIImageView+Animations.swift in Sources */ = {isa = PBXBuildFile; fileRef = BECB71C727DD3452006E37E9 /* UIImageView+Animations.swift */; };
/* End PBXBuildFile section */

/* Begin PBXContainerItemProxy section */
		BE080EFF27B80F00008844B5 /* PBXContainerItemProxy */ = {
			isa = PBXContainerItemProxy;
			containerPortal = BE080EEA27B80F00008844B5 /* Project object */;
			proxyType = 1;
			remoteGlobalIDString = BE080EF227B80F00008844B5;
			remoteInfo = EssentialFeed;
		};
		BE6C5F9327C013FC00C74C0D /* PBXContainerItemProxy */ = {
			isa = PBXContainerItemProxy;
			containerPortal = BE080EEA27B80F00008844B5 /* Project object */;
			proxyType = 1;
			remoteGlobalIDString = BE080EF227B80F00008844B5;
			remoteInfo = EssentialFeed;
		};
		BE8442A827CFFD1700202281 /* PBXContainerItemProxy */ = {
			isa = PBXContainerItemProxy;
			containerPortal = BE080EEA27B80F00008844B5 /* Project object */;
			proxyType = 1;
			remoteGlobalIDString = BE080EF227B80F00008844B5;
			remoteInfo = EssentialFeed;
		};
		BE8442C927D2AC3600202281 /* PBXContainerItemProxy */ = {
			isa = PBXContainerItemProxy;
			containerPortal = BE080EEA27B80F00008844B5 /* Project object */;
			proxyType = 1;
			remoteGlobalIDString = BE8442BD27D2AC3600202281;
			remoteInfo = EssentialFeediOS;
		};
		BE8442DA27D30D5B00202281 /* PBXContainerItemProxy */ = {
			isa = PBXContainerItemProxy;
			containerPortal = BE080EEA27B80F00008844B5 /* Project object */;
			proxyType = 1;
			remoteGlobalIDString = BE080EF227B80F00008844B5;
			remoteInfo = EssentialFeed;
		};
/* End PBXContainerItemProxy section */

/* Begin PBXCopyFilesBuildPhase section */
		BE8442DC27D30D5B00202281 /* Embed Frameworks */ = {
			isa = PBXCopyFilesBuildPhase;
			buildActionMask = 2147483647;
			dstPath = "";
			dstSubfolderSpec = 10;
			files = (
				BE8442D927D30D5B00202281 /* EssentialFeed.framework in Embed Frameworks */,
			);
			name = "Embed Frameworks";
			runOnlyForDeploymentPostprocessing = 0;
		};
/* End PBXCopyFilesBuildPhase section */

/* Begin PBXFileReference section */
		BE080EF327B80F00008844B5 /* EssentialFeed.framework */ = {isa = PBXFileReference; explicitFileType = wrapper.framework; includeInIndex = 0; path = EssentialFeed.framework; sourceTree = BUILT_PRODUCTS_DIR; };
		BE080EF627B80F00008844B5 /* EssentialFeed.h */ = {isa = PBXFileReference; lastKnownFileType = sourcecode.c.h; path = EssentialFeed.h; sourceTree = "<group>"; };
		BE080EF727B80F00008844B5 /* EssentialFeed.docc */ = {isa = PBXFileReference; lastKnownFileType = folder.documentationcatalog; path = EssentialFeed.docc; sourceTree = "<group>"; };
		BE080EFD27B80F00008844B5 /* EssentialFeedTests.xctest */ = {isa = PBXFileReference; explicitFileType = wrapper.cfbundle; includeInIndex = 0; path = EssentialFeedTests.xctest; sourceTree = BUILT_PRODUCTS_DIR; };
		BE080F0F27B80F7B008844B5 /* FeedImage.swift */ = {isa = PBXFileReference; lastKnownFileType = sourcecode.swift; path = FeedImage.swift; sourceTree = "<group>"; };
		BE080F1427B816B4008844B5 /* FeedItemsMapperTests.swift */ = {isa = PBXFileReference; lastKnownFileType = sourcecode.swift; path = FeedItemsMapperTests.swift; sourceTree = "<group>"; };
		BE080F1927B93906008844B5 /* HTTPClient.swift */ = {isa = PBXFileReference; lastKnownFileType = sourcecode.swift; path = HTTPClient.swift; sourceTree = "<group>"; };
		BE080F1B27B939A1008844B5 /* FeedItemsMapper.swift */ = {isa = PBXFileReference; lastKnownFileType = sourcecode.swift; path = FeedItemsMapper.swift; sourceTree = "<group>"; };
		BE080F1E27BCA6BC008844B5 /* URLSessionHTTPClientTests.swift */ = {isa = PBXFileReference; lastKnownFileType = sourcecode.swift; path = URLSessionHTTPClientTests.swift; sourceTree = "<group>"; };
		BE148ACE27CE6F55002C433D /* CodableFeedStore.swift */ = {isa = PBXFileReference; lastKnownFileType = sourcecode.swift; path = CodableFeedStore.swift; sourceTree = "<group>"; };
		BE148AD027CEA571002C433D /* FeedStoreSpecs.swift */ = {isa = PBXFileReference; lastKnownFileType = sourcecode.swift; path = FeedStoreSpecs.swift; sourceTree = "<group>"; };
		BE148AD227CEA60B002C433D /* XCTestCase+FeedStoreSpecs.swift */ = {isa = PBXFileReference; lastKnownFileType = sourcecode.swift; path = "XCTestCase+FeedStoreSpecs.swift"; sourceTree = "<group>"; };
		BE27FB3227E9674B006FFC04 /* FeedPresenterTests.swift */ = {isa = PBXFileReference; lastKnownFileType = sourcecode.swift; path = FeedPresenterTests.swift; sourceTree = "<group>"; };
		BE27FB3427E96BB8006FFC04 /* ErrorView.swift */ = {isa = PBXFileReference; lastKnownFileType = sourcecode.swift; path = ErrorView.swift; sourceTree = "<group>"; };
		BE27FB3927E96F81006FFC04 /* UIRefreshControl+Helpers.swift */ = {isa = PBXFileReference; lastKnownFileType = sourcecode.swift; path = "UIRefreshControl+Helpers.swift"; sourceTree = "<group>"; };
		BE27FB3E27EA06B1006FFC04 /* en */ = {isa = PBXFileReference; lastKnownFileType = text.plist.strings; name = en; path = en.lproj/Feed.strings; sourceTree = "<group>"; };
		BE27FB4027EA06B3006FFC04 /* el */ = {isa = PBXFileReference; lastKnownFileType = text.plist.strings; name = el; path = el.lproj/Feed.strings; sourceTree = "<group>"; };
		BE27FB4127EA06B4006FFC04 /* pt-BR */ = {isa = PBXFileReference; lastKnownFileType = text.plist.strings; name = "pt-BR"; path = "pt-BR.lproj/Feed.strings"; sourceTree = "<group>"; };
		BE27FB4327EA0B67006FFC04 /* FeedPresenter.swift */ = {isa = PBXFileReference; lastKnownFileType = sourcecode.swift; path = FeedPresenter.swift; sourceTree = "<group>"; };
		BE27FB4627EA0C76006FFC04 /* FeedViewModel.swift */ = {isa = PBXFileReference; lastKnownFileType = sourcecode.swift; path = FeedViewModel.swift; sourceTree = "<group>"; };
		BE27FB4827EA0D68006FFC04 /* ResourceErrorViewModel.swift */ = {isa = PBXFileReference; lastKnownFileType = sourcecode.swift; path = ResourceErrorViewModel.swift; sourceTree = "<group>"; };
		BE27FB4A27EA0D87006FFC04 /* ResourceLoadingViewModel.swift */ = {isa = PBXFileReference; lastKnownFileType = sourcecode.swift; path = ResourceLoadingViewModel.swift; sourceTree = "<group>"; };
		BE27FB4E27EA16FA006FFC04 /* FeedImagePresenterTests.swift */ = {isa = PBXFileReference; lastKnownFileType = sourcecode.swift; path = FeedImagePresenterTests.swift; sourceTree = "<group>"; };
		BE27FB5027EA1B88006FFC04 /* FeedImagePresenter.swift */ = {isa = PBXFileReference; lastKnownFileType = sourcecode.swift; path = FeedImagePresenter.swift; sourceTree = "<group>"; };
		BE27FB5227EA1BFB006FFC04 /* FeedImageViewModel.swift */ = {isa = PBXFileReference; lastKnownFileType = sourcecode.swift; path = FeedImageViewModel.swift; sourceTree = "<group>"; };
		BE27FB6327EBF599006FFC04 /* HTTPURLResponse+StatusCode.swift */ = {isa = PBXFileReference; lastKnownFileType = sourcecode.swift; path = "HTTPURLResponse+StatusCode.swift"; sourceTree = "<group>"; };
		BE27FB6527EBF614006FFC04 /* URLProtocolStub.swift */ = {isa = PBXFileReference; lastKnownFileType = sourcecode.swift; path = URLProtocolStub.swift; sourceTree = "<group>"; };
		BE27FB6727EBF6D1006FFC04 /* LoadFeedImageDataFromCacheUseCaseTests.swift */ = {isa = PBXFileReference; lastKnownFileType = sourcecode.swift; path = LoadFeedImageDataFromCacheUseCaseTests.swift; sourceTree = "<group>"; };
		BE27FB6927EC027E006FFC04 /* LocalFeedImageDataLoader.swift */ = {isa = PBXFileReference; lastKnownFileType = sourcecode.swift; path = LocalFeedImageDataLoader.swift; sourceTree = "<group>"; };
		BE27FB6B27EC028A006FFC04 /* FeedImageDataStore.swift */ = {isa = PBXFileReference; lastKnownFileType = sourcecode.swift; path = FeedImageDataStore.swift; sourceTree = "<group>"; };
		BE27FB6D27EC0524006FFC04 /* FeedImageDataStoreSpy.swift */ = {isa = PBXFileReference; lastKnownFileType = sourcecode.swift; path = FeedImageDataStoreSpy.swift; sourceTree = "<group>"; };
		BE27FB6F27EC056F006FFC04 /* CacheFeedImageDataUseCaseTests.swift */ = {isa = PBXFileReference; lastKnownFileType = sourcecode.swift; path = CacheFeedImageDataUseCaseTests.swift; sourceTree = "<group>"; };
		BE27FB7127EC09AE006FFC04 /* CoreDataFeedImageDataStoreTests.swift */ = {isa = PBXFileReference; lastKnownFileType = sourcecode.swift; path = CoreDataFeedImageDataStoreTests.swift; sourceTree = "<group>"; };
		BE27FB7327EC0AB0006FFC04 /* FeedStore2.xcdatamodel */ = {isa = PBXFileReference; lastKnownFileType = wrapper.xcdatamodel; path = FeedStore2.xcdatamodel; sourceTree = "<group>"; };
		BE27FB7427EC0B8A006FFC04 /* CoreDataFeedStore+FeedImageDataLoader.swift */ = {isa = PBXFileReference; lastKnownFileType = sourcecode.swift; path = "CoreDataFeedStore+FeedImageDataLoader.swift"; sourceTree = "<group>"; };
		BE27FB7627EC0D07006FFC04 /* CoreDataFeedStore+FeedStore.swift */ = {isa = PBXFileReference; lastKnownFileType = sourcecode.swift; path = "CoreDataFeedStore+FeedStore.swift"; sourceTree = "<group>"; };
		BE556944281C3574000E0FAC /* FeedCache.swift */ = {isa = PBXFileReference; lastKnownFileType = sourcecode.swift; path = FeedCache.swift; sourceTree = "<group>"; };
		BE55694E281C8863000E0FAC /* FeedImageDataCache.swift */ = {isa = PBXFileReference; lastKnownFileType = sourcecode.swift; path = FeedImageDataCache.swift; sourceTree = "<group>"; };
		BE58F622294291DD0058D949 /* CellController.swift */ = {isa = PBXFileReference; lastKnownFileType = sourcecode.swift; path = CellController.swift; sourceTree = "<group>"; };
		BE6038B127C479B000637D3D /* CacheFeedUseCaseTests.swift */ = {isa = PBXFileReference; lastKnownFileType = sourcecode.swift; path = CacheFeedUseCaseTests.swift; sourceTree = "<group>"; };
		BE6038B427C5340700637D3D /* LocalFeedLoader.swift */ = {isa = PBXFileReference; lastKnownFileType = sourcecode.swift; path = LocalFeedLoader.swift; sourceTree = "<group>"; };
		BE6038B627C5347700637D3D /* FeedStore.swift */ = {isa = PBXFileReference; lastKnownFileType = sourcecode.swift; path = FeedStore.swift; sourceTree = "<group>"; };
		BE6C5F8627BF3C7E00C74C0D /* XCTestCase+MemoryLeakTrackingHelper.swift */ = {isa = PBXFileReference; lastKnownFileType = sourcecode.swift; path = "XCTestCase+MemoryLeakTrackingHelper.swift"; sourceTree = "<group>"; };
		BE6C5F8827BF4A3F00C74C0D /* URLSessionHTTPClient.swift */ = {isa = PBXFileReference; lastKnownFileType = sourcecode.swift; path = URLSessionHTTPClient.swift; sourceTree = "<group>"; };
		BE6C5F8E27C013FC00C74C0D /* EssentialFeedAPIEndToEndTests.xctest */ = {isa = PBXFileReference; explicitFileType = wrapper.cfbundle; includeInIndex = 0; path = EssentialFeedAPIEndToEndTests.xctest; sourceTree = BUILT_PRODUCTS_DIR; };
		BE6C5F9027C013FC00C74C0D /* EssentialFeedAPIEndToEndTests.swift */ = {isa = PBXFileReference; lastKnownFileType = sourcecode.swift; path = EssentialFeedAPIEndToEndTests.swift; sourceTree = "<group>"; };
		BE84428727CF168D00202281 /* XCTestCase+FailableRetrieveFeedStoreSpecs.swift */ = {isa = PBXFileReference; lastKnownFileType = sourcecode.swift; path = "XCTestCase+FailableRetrieveFeedStoreSpecs.swift"; sourceTree = "<group>"; };
		BE84428927CF174300202281 /* XCTestCase+FailableInsertFeedStoreSpecs.swift */ = {isa = PBXFileReference; lastKnownFileType = sourcecode.swift; path = "XCTestCase+FailableInsertFeedStoreSpecs.swift"; sourceTree = "<group>"; };
		BE84428B27CF17AD00202281 /* XCTestCase+FailableDeleteFeedStoreSpecs.swift */ = {isa = PBXFileReference; lastKnownFileType = sourcecode.swift; path = "XCTestCase+FailableDeleteFeedStoreSpecs.swift"; sourceTree = "<group>"; };
		BE84428E27CFCF9100202281 /* CoreDataFeedStoreTests.swift */ = {isa = PBXFileReference; lastKnownFileType = sourcecode.swift; path = CoreDataFeedStoreTests.swift; sourceTree = "<group>"; };
		BE84429027CFD01D00202281 /* CoreDataFeedStore.swift */ = {isa = PBXFileReference; lastKnownFileType = sourcecode.swift; path = CoreDataFeedStore.swift; sourceTree = "<group>"; };
		BE84429327CFD23900202281 /* FeedStore.xcdatamodel */ = {isa = PBXFileReference; lastKnownFileType = wrapper.xcdatamodel; path = FeedStore.xcdatamodel; sourceTree = "<group>"; };
		BE84429827CFEB6D00202281 /* CoreDataHelpers.swift */ = {isa = PBXFileReference; lastKnownFileType = sourcecode.swift; path = CoreDataHelpers.swift; sourceTree = "<group>"; };
		BE84429B27CFEC8100202281 /* ManagedCache.swift */ = {isa = PBXFileReference; lastKnownFileType = sourcecode.swift; path = ManagedCache.swift; sourceTree = "<group>"; };
		BE84429D27CFECB400202281 /* ManagedFeedImage.swift */ = {isa = PBXFileReference; lastKnownFileType = sourcecode.swift; path = ManagedFeedImage.swift; sourceTree = "<group>"; };
		BE8442A327CFFD1700202281 /* EssentialFeedCacheIntegrationTests.xctest */ = {isa = PBXFileReference; explicitFileType = wrapper.cfbundle; includeInIndex = 0; path = EssentialFeedCacheIntegrationTests.xctest; sourceTree = BUILT_PRODUCTS_DIR; };
		BE8442A527CFFD1700202281 /* EssentialFeedCacheIntegrationTests.swift */ = {isa = PBXFileReference; lastKnownFileType = sourcecode.swift; path = EssentialFeedCacheIntegrationTests.swift; sourceTree = "<group>"; };
		BE8442BE27D2AC3600202281 /* EssentialFeediOS.framework */ = {isa = PBXFileReference; explicitFileType = wrapper.framework; includeInIndex = 0; path = EssentialFeediOS.framework; sourceTree = BUILT_PRODUCTS_DIR; };
		BE8442C127D2AC3600202281 /* EssentialFeediOS.docc */ = {isa = PBXFileReference; lastKnownFileType = folder.documentationcatalog; path = EssentialFeediOS.docc; sourceTree = "<group>"; };
		BE8442C727D2AC3600202281 /* EssentialFeediOSTests.xctest */ = {isa = PBXFileReference; explicitFileType = wrapper.cfbundle; includeInIndex = 0; path = EssentialFeediOSTests.xctest; sourceTree = BUILT_PRODUCTS_DIR; };
		BE8442DE27D3A1BB00202281 /* ListViewController.swift */ = {isa = PBXFileReference; lastKnownFileType = sourcecode.swift; path = ListViewController.swift; sourceTree = "<group>"; };
		BE8442E027D4E7FE00202281 /* FeedImageCell.swift */ = {isa = PBXFileReference; lastKnownFileType = sourcecode.swift; path = FeedImageCell.swift; sourceTree = "<group>"; };
		BE8442E327D5583200202281 /* UIView+Shimmering.swift */ = {isa = PBXFileReference; lastKnownFileType = sourcecode.swift; path = "UIView+Shimmering.swift"; sourceTree = "<group>"; };
		BE8442FC27D6798D00202281 /* FeedImageDataLoader.swift */ = {isa = PBXFileReference; lastKnownFileType = sourcecode.swift; path = FeedImageDataLoader.swift; sourceTree = "<group>"; };
		BE84430027D680CA00202281 /* FeedImageCellController.swift */ = {isa = PBXFileReference; lastKnownFileType = sourcecode.swift; path = FeedImageCellController.swift; sourceTree = "<group>"; };
		BE84437D27DD175900202281 /* Feed.storyboard */ = {isa = PBXFileReference; lastKnownFileType = file.storyboard; path = Feed.storyboard; sourceTree = "<group>"; };
		BE84437F27DD17AF00202281 /* Feed.xcassets */ = {isa = PBXFileReference; lastKnownFileType = folder.assetcatalog; path = Feed.xcassets; sourceTree = "<group>"; };
		BE99A59628EDD70100904FAE /* FeedImageDataMapperTests.swift */ = {isa = PBXFileReference; lastKnownFileType = sourcecode.swift; path = FeedImageDataMapperTests.swift; sourceTree = "<group>"; };
		BE99A59828EDD7DA00904FAE /* FeedImageDataMapper.swift */ = {isa = PBXFileReference; lastKnownFileType = sourcecode.swift; path = FeedImageDataMapper.swift; sourceTree = "<group>"; };
		BE99A59B28EF1AF100904FAE /* LoadResourcePresenterTests.swift */ = {isa = PBXFileReference; lastKnownFileType = sourcecode.swift; path = LoadResourcePresenterTests.swift; sourceTree = "<group>"; };
		BE99A59E28EF1E2500904FAE /* LoadResourcePresenter.swift */ = {isa = PBXFileReference; lastKnownFileType = sourcecode.swift; path = LoadResourcePresenter.swift; sourceTree = "<group>"; };
		BE99A5A228EF24FB00904FAE /* SharedLocalizationTests.swift */ = {isa = PBXFileReference; lastKnownFileType = sourcecode.swift; path = SharedLocalizationTests.swift; sourceTree = "<group>"; };
		BE99A5A528EF257600904FAE /* en */ = {isa = PBXFileReference; lastKnownFileType = text.plist.strings; name = en; path = en.lproj/Shared.strings; sourceTree = "<group>"; };
		BE99A5A728EF257900904FAE /* el */ = {isa = PBXFileReference; lastKnownFileType = text.plist.strings; name = el; path = el.lproj/Shared.strings; sourceTree = "<group>"; };
		BE99A5A828EF257D00904FAE /* pt-BR */ = {isa = PBXFileReference; lastKnownFileType = text.plist.strings; name = "pt-BR"; path = "pt-BR.lproj/Shared.strings"; sourceTree = "<group>"; };
		BE99A5A928EF27E000904FAE /* SharedLocalizationTestHelpers.swift */ = {isa = PBXFileReference; lastKnownFileType = sourcecode.swift; path = SharedLocalizationTestHelpers.swift; sourceTree = "<group>"; };
		BE99A6012901C98500904FAE /* ResourceLoadingView.swift */ = {isa = PBXFileReference; lastKnownFileType = sourcecode.swift; path = ResourceLoadingView.swift; sourceTree = "<group>"; };
		BE99A6032901CA1600904FAE /* ResourceErrorView.swift */ = {isa = PBXFileReference; lastKnownFileType = sourcecode.swift; path = ResourceErrorView.swift; sourceTree = "<group>"; };
		BE99A6062906CA2C00904FAE /* ImageCommentsPresenterTests.swift */ = {isa = PBXFileReference; lastKnownFileType = sourcecode.swift; path = ImageCommentsPresenterTests.swift; sourceTree = "<group>"; };
		BE99A6092906CAD300904FAE /* ImageCommentsPresenter.swift */ = {isa = PBXFileReference; lastKnownFileType = sourcecode.swift; path = ImageCommentsPresenter.swift; sourceTree = "<group>"; };
		BE99A60D2906CBB000904FAE /* ImageCommentsLocalizationTests.swift */ = {isa = PBXFileReference; lastKnownFileType = sourcecode.swift; path = ImageCommentsLocalizationTests.swift; sourceTree = "<group>"; };
		BE99A6102906CC1000904FAE /* en */ = {isa = PBXFileReference; lastKnownFileType = text.plist.strings; name = en; path = en.lproj/ImageComments.strings; sourceTree = "<group>"; };
		BE99A6122906CC1400904FAE /* el */ = {isa = PBXFileReference; lastKnownFileType = text.plist.strings; name = el; path = el.lproj/ImageComments.strings; sourceTree = "<group>"; };
		BE99A6132906CC1500904FAE /* pt-BR */ = {isa = PBXFileReference; lastKnownFileType = text.plist.strings; name = "pt-BR"; path = "pt-BR.lproj/ImageComments.strings"; sourceTree = "<group>"; };
		BE99A61C2907273100904FAE /* LIST_WITH_ERROR_MESSAGE_dark.png */ = {isa = PBXFileReference; lastKnownFileType = image.png; path = LIST_WITH_ERROR_MESSAGE_dark.png; sourceTree = "<group>"; };
		BE99A61D2907273100904FAE /* FEED_WITH_FAILED_IMAGE_LOADING_dark.png */ = {isa = PBXFileReference; lastKnownFileType = image.png; path = FEED_WITH_FAILED_IMAGE_LOADING_dark.png; sourceTree = "<group>"; };
		BE99A61F2907273100904FAE /* FEED_WITH_CONTENT_dark.png */ = {isa = PBXFileReference; lastKnownFileType = image.png; path = FEED_WITH_CONTENT_dark.png; sourceTree = "<group>"; };
		BE99A6212907273100904FAE /* EMPTY_LIST_light.png */ = {isa = PBXFileReference; lastKnownFileType = image.png; path = EMPTY_LIST_light.png; sourceTree = "<group>"; };
		BE99A6232907273100904FAE /* FEED_WITH_CONTENT_light.png */ = {isa = PBXFileReference; lastKnownFileType = image.png; path = FEED_WITH_CONTENT_light.png; sourceTree = "<group>"; };
		BE99A6242907273100904FAE /* FEED_WITH_FAILED_IMAGE_LOADING_light.png */ = {isa = PBXFileReference; lastKnownFileType = image.png; path = FEED_WITH_FAILED_IMAGE_LOADING_light.png; sourceTree = "<group>"; };
		BE99A6262907273100904FAE /* LIST_WITH_ERROR_MESSAGE_light.png */ = {isa = PBXFileReference; lastKnownFileType = image.png; path = LIST_WITH_ERROR_MESSAGE_light.png; sourceTree = "<group>"; };
		BE99A6272907273100904FAE /* EMPTY_LIST_dark.png */ = {isa = PBXFileReference; lastKnownFileType = image.png; path = EMPTY_LIST_dark.png; sourceTree = "<group>"; };
		BE99A63429072F0200904FAE /* ListSnapshotTests.swift */ = {isa = PBXFileReference; lastKnownFileType = sourcecode.swift; path = ListSnapshotTests.swift; sourceTree = "<group>"; };
		BE99A6362907324900904FAE /* UIViewController+Snapshot.swift */ = {isa = PBXFileReference; lastKnownFileType = sourcecode.swift; path = "UIViewController+Snapshot.swift"; sourceTree = "<group>"; };
		BE99A6382907332D00904FAE /* XCTestCase+Shapshot.swift */ = {isa = PBXFileReference; lastKnownFileType = sourcecode.swift; path = "XCTestCase+Shapshot.swift"; sourceTree = "<group>"; };
		BE99A63C2907368000904FAE /* ImageCommentsSnapshotTests.swift */ = {isa = PBXFileReference; lastKnownFileType = sourcecode.swift; path = ImageCommentsSnapshotTests.swift; sourceTree = "<group>"; };
		BE99A6402907385F00904FAE /* ImageCommentCellController.swift */ = {isa = PBXFileReference; lastKnownFileType = sourcecode.swift; path = ImageCommentCellController.swift; sourceTree = "<group>"; };
		BE99A643290738E600904FAE /* ImageComments.storyboard */ = {isa = PBXFileReference; lastKnownFileType = file.storyboard; path = ImageComments.storyboard; sourceTree = "<group>"; };
		BE99A64A29073A0700904FAE /* ImageCommentCell.swift */ = {isa = PBXFileReference; lastKnownFileType = sourcecode.swift; path = ImageCommentCell.swift; sourceTree = "<group>"; };
		BEA263A928E1F70300EAFE50 /* FeedSnapshotTests.swift */ = {isa = PBXFileReference; lastKnownFileType = sourcecode.swift; path = FeedSnapshotTests.swift; sourceTree = "<group>"; };
		BEA263AC28E2108600EAFE50 /* UIImage+TestHelpers.swift */ = {isa = PBXFileReference; fileEncoding = 4; lastKnownFileType = sourcecode.swift; path = "UIImage+TestHelpers.swift"; sourceTree = "<group>"; };
		BEA263AE28E2164E00EAFE50 /* UITableView+HeaderSizing.swift */ = {isa = PBXFileReference; lastKnownFileType = sourcecode.swift; path = "UITableView+HeaderSizing.swift"; sourceTree = "<group>"; };
		BEA263B328E72CB400EAFE50 /* ImageCommentsMapperTests.swift */ = {isa = PBXFileReference; lastKnownFileType = sourcecode.swift; path = ImageCommentsMapperTests.swift; sourceTree = "<group>"; };
		BEA263B728E72E3D00EAFE50 /* ImageCommentsMapper.swift */ = {isa = PBXFileReference; lastKnownFileType = sourcecode.swift; path = ImageCommentsMapper.swift; sourceTree = "<group>"; };
		BEA263BA28E75B8900EAFE50 /* ImageComment.swift */ = {isa = PBXFileReference; lastKnownFileType = sourcecode.swift; path = ImageComment.swift; sourceTree = "<group>"; };
		BEAA737827C6869F00750CD6 /* LocalFeedImage.swift */ = {isa = PBXFileReference; lastKnownFileType = sourcecode.swift; path = LocalFeedImage.swift; sourceTree = "<group>"; };
		BEBD697C27C7BAB900B44885 /* LoadFeedFromCacheUseCaseTests.swift */ = {isa = PBXFileReference; lastKnownFileType = sourcecode.swift; path = LoadFeedFromCacheUseCaseTests.swift; sourceTree = "<group>"; };
		BEBD697F27C7C14D00B44885 /* FeedStoreSpy.swift */ = {isa = PBXFileReference; lastKnownFileType = sourcecode.swift; path = FeedStoreSpy.swift; sourceTree = "<group>"; };
		BEBD698127C948A200B44885 /* ValidateFeedCacheUseCaseTests.swift */ = {isa = PBXFileReference; lastKnownFileType = sourcecode.swift; path = ValidateFeedCacheUseCaseTests.swift; sourceTree = "<group>"; };
		BEBD698327C94E4D00B44885 /* FeedCacheTestHelpers.swift */ = {isa = PBXFileReference; lastKnownFileType = sourcecode.swift; path = FeedCacheTestHelpers.swift; sourceTree = "<group>"; };
		BEBD698527C94EF800B44885 /* SharedTestHelpers.swift */ = {isa = PBXFileReference; lastKnownFileType = sourcecode.swift; path = SharedTestHelpers.swift; sourceTree = "<group>"; };
		BEBD698D27CA70E100B44885 /* FeedCachePolicy.swift */ = {isa = PBXFileReference; lastKnownFileType = sourcecode.swift; path = FeedCachePolicy.swift; sourceTree = "<group>"; };
		BEBD699027CD10F500B44885 /* CodableFeedStoreTests.swift */ = {isa = PBXFileReference; lastKnownFileType = sourcecode.swift; path = CodableFeedStoreTests.swift; sourceTree = "<group>"; };
		BECB71C527DD3375006E37E9 /* UITableView+Dequeueing.swift */ = {isa = PBXFileReference; lastKnownFileType = sourcecode.swift; path = "UITableView+Dequeueing.swift"; sourceTree = "<group>"; };
		BECB71C727DD3452006E37E9 /* UIImageView+Animations.swift */ = {isa = PBXFileReference; lastKnownFileType = sourcecode.swift; path = "UIImageView+Animations.swift"; sourceTree = "<group>"; };
		BECB71D327DD4661006E37E9 /* FeedLocalizationTests.swift */ = {isa = PBXFileReference; lastKnownFileType = sourcecode.swift; path = FeedLocalizationTests.swift; sourceTree = "<group>"; };
/* End PBXFileReference section */

/* Begin PBXFrameworksBuildPhase section */
		BE080EF027B80F00008844B5 /* Frameworks */ = {
			isa = PBXFrameworksBuildPhase;
			buildActionMask = 2147483647;
			files = (
			);
			runOnlyForDeploymentPostprocessing = 0;
		};
		BE080EFA27B80F00008844B5 /* Frameworks */ = {
			isa = PBXFrameworksBuildPhase;
			buildActionMask = 2147483647;
			files = (
				BE080EFE27B80F00008844B5 /* EssentialFeed.framework in Frameworks */,
			);
			runOnlyForDeploymentPostprocessing = 0;
		};
		BE6C5F8B27C013FC00C74C0D /* Frameworks */ = {
			isa = PBXFrameworksBuildPhase;
			buildActionMask = 2147483647;
			files = (
				BE6C5F9227C013FC00C74C0D /* EssentialFeed.framework in Frameworks */,
			);
			runOnlyForDeploymentPostprocessing = 0;
		};
		BE8442A027CFFD1700202281 /* Frameworks */ = {
			isa = PBXFrameworksBuildPhase;
			buildActionMask = 2147483647;
			files = (
				BE8442A727CFFD1700202281 /* EssentialFeed.framework in Frameworks */,
			);
			runOnlyForDeploymentPostprocessing = 0;
		};
		BE8442BB27D2AC3600202281 /* Frameworks */ = {
			isa = PBXFrameworksBuildPhase;
			buildActionMask = 2147483647;
			files = (
				BE8442D827D30D5B00202281 /* EssentialFeed.framework in Frameworks */,
			);
			runOnlyForDeploymentPostprocessing = 0;
		};
		BE8442C427D2AC3600202281 /* Frameworks */ = {
			isa = PBXFrameworksBuildPhase;
			buildActionMask = 2147483647;
			files = (
				BE8442C827D2AC3600202281 /* EssentialFeediOS.framework in Frameworks */,
			);
			runOnlyForDeploymentPostprocessing = 0;
		};
/* End PBXFrameworksBuildPhase section */

/* Begin PBXGroup section */
		BE080EE927B80F00008844B5 = {
			isa = PBXGroup;
			children = (
				BE080EF527B80F00008844B5 /* EssentialFeed */,
				BE080F0127B80F00008844B5 /* EssentialFeedTests */,
				BE6C5F8F27C013FC00C74C0D /* EssentialFeedAPIEndToEndTests */,
				BE8442A427CFFD1700202281 /* EssentialFeedCacheIntegrationTests */,
				BE8442BF27D2AC3600202281 /* EssentialFeediOS */,
				BE8442CB27D2AC3600202281 /* EssentialFeediOSTests */,
				BE080EF427B80F00008844B5 /* Products */,
				BE8442D727D30D5A00202281 /* Frameworks */,
			);
			sourceTree = "<group>";
		};
		BE080EF427B80F00008844B5 /* Products */ = {
			isa = PBXGroup;
			children = (
				BE080EF327B80F00008844B5 /* EssentialFeed.framework */,
				BE080EFD27B80F00008844B5 /* EssentialFeedTests.xctest */,
				BE6C5F8E27C013FC00C74C0D /* EssentialFeedAPIEndToEndTests.xctest */,
				BE8442A327CFFD1700202281 /* EssentialFeedCacheIntegrationTests.xctest */,
				BE8442BE27D2AC3600202281 /* EssentialFeediOS.framework */,
				BE8442C727D2AC3600202281 /* EssentialFeediOSTests.xctest */,
			);
			name = Products;
			sourceTree = "<group>";
		};
		BE080EF527B80F00008844B5 /* EssentialFeed */ = {
			isa = PBXGroup;
			children = (
				BE080EF627B80F00008844B5 /* EssentialFeed.h */,
				BE080EF727B80F00008844B5 /* EssentialFeed.docc */,
				BE99A59D28EF1E1600904FAE /* Shared Presentation */,
				BEA263BC28E761FE00EAFE50 /* Shared API */,
				BEA263BD28E7622100EAFE50 /* Shared API Infra */,
				BEA263B928E75B6A00EAFE50 /* Image Comments Feature */,
				BEA263C128E762E500EAFE50 /* Image Comments API */,
				BE99A6082906CAB100904FAE /* Image Comments Presentation */,
				BE6038B327C533EA00637D3D /* Feed Cache */,
				BE080F1327B810A0008844B5 /* Feed Feature */,
				BE080F1627B85EA1008844B5 /* Feed API */,
				BE27FB4227EA0B55006FFC04 /* Feed Presentation */,
			);
			path = EssentialFeed;
			sourceTree = "<group>";
		};
		BE080F0127B80F00008844B5 /* EssentialFeedTests */ = {
			isa = PBXGroup;
			children = (
				BE6C5F8527BF3C5B00C74C0D /* Helpers */,
				BE99A59A28EF1ACA00904FAE /* Shared Presentation */,
				BE6038B027C4799C00637D3D /* Feed Cache */,
				BEA263BE28E7625000EAFE50 /* Shared API */,
				BEA263BF28E7625C00EAFE50 /* Shared API Infra */,
				BEA263C228E7631E00EAFE50 /* Image Comments API */,
				BE99A6052906CA0400904FAE /* Image Comments Presentation */,
				BE080F1D27B942AE008844B5 /* Feed API */,
				BE27FB3127E96726006FFC04 /* Feed Presentation */,
			);
			path = EssentialFeedTests;
			sourceTree = "<group>";
		};
		BE080F1327B810A0008844B5 /* Feed Feature */ = {
			isa = PBXGroup;
			children = (
				BE080F0F27B80F7B008844B5 /* FeedImage.swift */,
				BE8442FC27D6798D00202281 /* FeedImageDataLoader.swift */,
				BE556944281C3574000E0FAC /* FeedCache.swift */,
				BE55694E281C8863000E0FAC /* FeedImageDataCache.swift */,
			);
			path = "Feed Feature";
			sourceTree = "<group>";
		};
		BE080F1627B85EA1008844B5 /* Feed API */ = {
			isa = PBXGroup;
			children = (
				BE27FB6227EBF589006FFC04 /* Helpers */,
				BE080F1B27B939A1008844B5 /* FeedItemsMapper.swift */,
				BE99A59828EDD7DA00904FAE /* FeedImageDataMapper.swift */,
			);
			path = "Feed API";
			sourceTree = "<group>";
		};
		BE080F1D27B942AE008844B5 /* Feed API */ = {
			isa = PBXGroup;
			children = (
				BE27FB5D27EBDD40006FFC04 /* Helpers */,
				BE080F1427B816B4008844B5 /* FeedItemsMapperTests.swift */,
				BE99A59628EDD70100904FAE /* FeedImageDataMapperTests.swift */,
			);
			path = "Feed API";
			sourceTree = "<group>";
		};
		BE27FB3127E96726006FFC04 /* Feed Presentation */ = {
			isa = PBXGroup;
			children = (
				BECB71D327DD4661006E37E9 /* FeedLocalizationTests.swift */,
				BE27FB3227E9674B006FFC04 /* FeedPresenterTests.swift */,
				BE27FB4E27EA16FA006FFC04 /* FeedImagePresenterTests.swift */,
			);
			path = "Feed Presentation";
			sourceTree = "<group>";
		};
		BE27FB3627E96EF0006FFC04 /* Helpers */ = {
			isa = PBXGroup;
			children = (
				BECB71C727DD3452006E37E9 /* UIImageView+Animations.swift */,
				BE8442E327D5583200202281 /* UIView+Shimmering.swift */,
			);
			path = Helpers;
			sourceTree = "<group>";
		};
		BE27FB4227EA0B55006FFC04 /* Feed Presentation */ = {
			isa = PBXGroup;
			children = (
				BE27FB4327EA0B67006FFC04 /* FeedPresenter.swift */,
				BE27FB4627EA0C76006FFC04 /* FeedViewModel.swift */,
				BE27FB5027EA1B88006FFC04 /* FeedImagePresenter.swift */,
				BE27FB5227EA1BFB006FFC04 /* FeedImageViewModel.swift */,
				BE27FB3F27EA06B1006FFC04 /* Feed.strings */,
			);
			path = "Feed Presentation";
			sourceTree = "<group>";
		};
		BE27FB5D27EBDD40006FFC04 /* Helpers */ = {
			isa = PBXGroup;
			children = (
				BE27FB6527EBF614006FFC04 /* URLProtocolStub.swift */,
			);
			path = Helpers;
			sourceTree = "<group>";
		};
		BE27FB6227EBF589006FFC04 /* Helpers */ = {
			isa = PBXGroup;
			children = (
				BE27FB6327EBF599006FFC04 /* HTTPURLResponse+StatusCode.swift */,
			);
			path = Helpers;
			sourceTree = "<group>";
		};
		BE6038B027C4799C00637D3D /* Feed Cache */ = {
			isa = PBXGroup;
			children = (
				BEBD697E27C7C14300B44885 /* Helpers */,
				BE84428D27CF188000202281 /* FeedStoreSpecs */,
				BE6038B127C479B000637D3D /* CacheFeedUseCaseTests.swift */,
				BEBD697C27C7BAB900B44885 /* LoadFeedFromCacheUseCaseTests.swift */,
				BEBD698127C948A200B44885 /* ValidateFeedCacheUseCaseTests.swift */,
				BEBD699027CD10F500B44885 /* CodableFeedStoreTests.swift */,
				BE84428E27CFCF9100202281 /* CoreDataFeedStoreTests.swift */,
				BE27FB6727EBF6D1006FFC04 /* LoadFeedImageDataFromCacheUseCaseTests.swift */,
				BE27FB6F27EC056F006FFC04 /* CacheFeedImageDataUseCaseTests.swift */,
				BE27FB7127EC09AE006FFC04 /* CoreDataFeedImageDataStoreTests.swift */,
			);
			path = "Feed Cache";
			sourceTree = "<group>";
		};
		BE6038B327C533EA00637D3D /* Feed Cache */ = {
			isa = PBXGroup;
			children = (
				BE84429527CFEA8300202281 /* Infrastructure */,
				BE6038B427C5340700637D3D /* LocalFeedLoader.swift */,
				BE6038B627C5347700637D3D /* FeedStore.swift */,
				BEAA737827C6869F00750CD6 /* LocalFeedImage.swift */,
				BEBD698D27CA70E100B44885 /* FeedCachePolicy.swift */,
				BE27FB6927EC027E006FFC04 /* LocalFeedImageDataLoader.swift */,
				BE27FB6B27EC028A006FFC04 /* FeedImageDataStore.swift */,
			);
			path = "Feed Cache";
			sourceTree = "<group>";
		};
		BE6C5F8527BF3C5B00C74C0D /* Helpers */ = {
			isa = PBXGroup;
			children = (
				BE6C5F8627BF3C7E00C74C0D /* XCTestCase+MemoryLeakTrackingHelper.swift */,
				BEBD698527C94EF800B44885 /* SharedTestHelpers.swift */,
				BE99A5A928EF27E000904FAE /* SharedLocalizationTestHelpers.swift */,
			);
			path = Helpers;
			sourceTree = "<group>";
		};
		BE6C5F8F27C013FC00C74C0D /* EssentialFeedAPIEndToEndTests */ = {
			isa = PBXGroup;
			children = (
				BE6C5F9027C013FC00C74C0D /* EssentialFeedAPIEndToEndTests.swift */,
			);
			path = EssentialFeedAPIEndToEndTests;
			sourceTree = "<group>";
		};
		BE84428D27CF188000202281 /* FeedStoreSpecs */ = {
			isa = PBXGroup;
			children = (
				BE148AD027CEA571002C433D /* FeedStoreSpecs.swift */,
				BE148AD227CEA60B002C433D /* XCTestCase+FeedStoreSpecs.swift */,
				BE84428727CF168D00202281 /* XCTestCase+FailableRetrieveFeedStoreSpecs.swift */,
				BE84428927CF174300202281 /* XCTestCase+FailableInsertFeedStoreSpecs.swift */,
				BE84428B27CF17AD00202281 /* XCTestCase+FailableDeleteFeedStoreSpecs.swift */,
			);
			path = FeedStoreSpecs;
			sourceTree = "<group>";
		};
		BE84429527CFEA8300202281 /* Infrastructure */ = {
			isa = PBXGroup;
			children = (
				BE84429A27CFEBCB00202281 /* Codable */,
				BE84429627CFEB4500202281 /* CoreData */,
			);
			path = Infrastructure;
			sourceTree = "<group>";
		};
		BE84429627CFEB4500202281 /* CoreData */ = {
			isa = PBXGroup;
			children = (
				BE84429827CFEB6D00202281 /* CoreDataHelpers.swift */,
				BE84429027CFD01D00202281 /* CoreDataFeedStore.swift */,
				BE84429B27CFEC8100202281 /* ManagedCache.swift */,
				BE84429D27CFECB400202281 /* ManagedFeedImage.swift */,
				BE27FB7427EC0B8A006FFC04 /* CoreDataFeedStore+FeedImageDataLoader.swift */,
				BE27FB7627EC0D07006FFC04 /* CoreDataFeedStore+FeedStore.swift */,
				BE84429227CFD23900202281 /* FeedStore.xcdatamodeld */,
			);
			path = CoreData;
			sourceTree = "<group>";
		};
		BE84429A27CFEBCB00202281 /* Codable */ = {
			isa = PBXGroup;
			children = (
				BE148ACE27CE6F55002C433D /* CodableFeedStore.swift */,
			);
			path = Codable;
			sourceTree = "<group>";
		};
		BE8442A427CFFD1700202281 /* EssentialFeedCacheIntegrationTests */ = {
			isa = PBXGroup;
			children = (
				BE8442A527CFFD1700202281 /* EssentialFeedCacheIntegrationTests.swift */,
			);
			path = EssentialFeedCacheIntegrationTests;
			sourceTree = "<group>";
		};
		BE8442BF27D2AC3600202281 /* EssentialFeediOS */ = {
			isa = PBXGroup;
			children = (
				BE8442C127D2AC3600202281 /* EssentialFeediOS.docc */,
				BE99A6142907261F00904FAE /* Shared UI */,
				BE99A63E2907383F00904FAE /* Image Comments UI */,
				BE8442F927D6791D00202281 /* Feed UI */,
			);
			path = EssentialFeediOS;
			sourceTree = "<group>";
		};
		BE8442CB27D2AC3600202281 /* EssentialFeediOSTests */ = {
			isa = PBXGroup;
			children = (
				BEA263AB28E2106F00EAFE50 /* Helpers */,
				BE99A619290726F200904FAE /* Shared UI */,
				BE99A63B2907361E00904FAE /* Image Comments UI */,
				BE99A61A2907271600904FAE /* Feed UI */,
			);
			path = EssentialFeediOSTests;
			sourceTree = "<group>";
		};
		BE8442D727D30D5A00202281 /* Frameworks */ = {
			isa = PBXGroup;
			children = (
			);
			name = Frameworks;
			sourceTree = "<group>";
		};
		BE8442EE27D66FFB00202281 /* Views */ = {
			isa = PBXGroup;
			children = (
				BE27FB3627E96EF0006FFC04 /* Helpers */,
				BE84437D27DD175900202281 /* Feed.storyboard */,
				BE84437F27DD17AF00202281 /* Feed.xcassets */,
				BE8442E027D4E7FE00202281 /* FeedImageCell.swift */,
			);
			path = Views;
			sourceTree = "<group>";
		};
		BE8442EF27D66FFF00202281 /* Controllers */ = {
			isa = PBXGroup;
			children = (
				BE84430027D680CA00202281 /* FeedImageCellController.swift */,
			);
			path = Controllers;
			sourceTree = "<group>";
		};
		BE8442F927D6791D00202281 /* Feed UI */ = {
			isa = PBXGroup;
			children = (
				BE8442EF27D66FFF00202281 /* Controllers */,
				BE8442EE27D66FFB00202281 /* Views */,
			);
			path = "Feed UI";
			sourceTree = "<group>";
		};
		BE99A59A28EF1ACA00904FAE /* Shared Presentation */ = {
			isa = PBXGroup;
			children = (
				BE99A59B28EF1AF100904FAE /* LoadResourcePresenterTests.swift */,
				BE99A5A228EF24FB00904FAE /* SharedLocalizationTests.swift */,
			);
			path = "Shared Presentation";
			sourceTree = "<group>";
		};
		BE99A59D28EF1E1600904FAE /* Shared Presentation */ = {
			isa = PBXGroup;
			children = (
				BE99A59E28EF1E2500904FAE /* LoadResourcePresenter.swift */,
				BE99A5A628EF257600904FAE /* Shared.strings */,
				BE99A6012901C98500904FAE /* ResourceLoadingView.swift */,
				BE27FB4A27EA0D87006FFC04 /* ResourceLoadingViewModel.swift */,
				BE99A6032901CA1600904FAE /* ResourceErrorView.swift */,
				BE27FB4827EA0D68006FFC04 /* ResourceErrorViewModel.swift */,
			);
			path = "Shared Presentation";
			sourceTree = "<group>";
		};
		BE99A6052906CA0400904FAE /* Image Comments Presentation */ = {
			isa = PBXGroup;
			children = (
				BE99A6062906CA2C00904FAE /* ImageCommentsPresenterTests.swift */,
				BE99A60D2906CBB000904FAE /* ImageCommentsLocalizationTests.swift */,
			);
			path = "Image Comments Presentation";
			sourceTree = "<group>";
		};
		BE99A6082906CAB100904FAE /* Image Comments Presentation */ = {
			isa = PBXGroup;
			children = (
				BE99A6092906CAD300904FAE /* ImageCommentsPresenter.swift */,
				BE99A6112906CC1000904FAE /* ImageComments.strings */,
			);
			path = "Image Comments Presentation";
			sourceTree = "<group>";
		};
		BE99A6142907261F00904FAE /* Shared UI */ = {
			isa = PBXGroup;
			children = (
				BE99A6152907262E00904FAE /* Controllers */,
				BE99A6172907267900904FAE /* Views */,
			);
			path = "Shared UI";
			sourceTree = "<group>";
		};
		BE99A6152907262E00904FAE /* Controllers */ = {
			isa = PBXGroup;
			children = (
				BE8442DE27D3A1BB00202281 /* ListViewController.swift */,
				BE58F622294291DD0058D949 /* CellController.swift */,
			);
			path = Controllers;
			sourceTree = "<group>";
		};
		BE99A6172907267900904FAE /* Views */ = {
			isa = PBXGroup;
			children = (
				BE99A618290726A200904FAE /* Helpers */,
				BE27FB3427E96BB8006FFC04 /* ErrorView.swift */,
			);
			path = Views;
			sourceTree = "<group>";
		};
		BE99A618290726A200904FAE /* Helpers */ = {
			isa = PBXGroup;
			children = (
				BE27FB3927E96F81006FFC04 /* UIRefreshControl+Helpers.swift */,
				BECB71C527DD3375006E37E9 /* UITableView+Dequeueing.swift */,
				BEA263AE28E2164E00EAFE50 /* UITableView+HeaderSizing.swift */,
			);
			path = Helpers;
			sourceTree = "<group>";
		};
		BE99A619290726F200904FAE /* Shared UI */ = {
			isa = PBXGroup;
			children = (
				BE99A63A290733AF00904FAE /* snapshots */,
				BE99A63429072F0200904FAE /* ListSnapshotTests.swift */,
			);
			path = "Shared UI";
			sourceTree = "<group>";
		};
		BE99A61A2907271600904FAE /* Feed UI */ = {
			isa = PBXGroup;
			children = (
				BE99A61B2907273100904FAE /* snapshots */,
				BEA263A928E1F70300EAFE50 /* FeedSnapshotTests.swift */,
			);
			path = "Feed UI";
			sourceTree = "<group>";
		};
		BE99A61B2907273100904FAE /* snapshots */ = {
			isa = PBXGroup;
			children = (
				BE99A61D2907273100904FAE /* FEED_WITH_FAILED_IMAGE_LOADING_dark.png */,
				BE99A61F2907273100904FAE /* FEED_WITH_CONTENT_dark.png */,
				BE99A6232907273100904FAE /* FEED_WITH_CONTENT_light.png */,
				BE99A6242907273100904FAE /* FEED_WITH_FAILED_IMAGE_LOADING_light.png */,
			);
			path = snapshots;
			sourceTree = "<group>";
		};
		BE99A63A290733AF00904FAE /* snapshots */ = {
			isa = PBXGroup;
			children = (
				BE99A6212907273100904FAE /* EMPTY_LIST_light.png */,
				BE99A6272907273100904FAE /* EMPTY_LIST_dark.png */,
				BE99A61C2907273100904FAE /* LIST_WITH_ERROR_MESSAGE_dark.png */,
				BE99A6262907273100904FAE /* LIST_WITH_ERROR_MESSAGE_light.png */,
			);
			path = snapshots;
			sourceTree = "<group>";
		};
		BE99A63B2907361E00904FAE /* Image Comments UI */ = {
			isa = PBXGroup;
			children = (
				BE99A6452907395900904FAE /* snapshots */,
				BE99A63C2907368000904FAE /* ImageCommentsSnapshotTests.swift */,
			);
			path = "Image Comments UI";
			sourceTree = "<group>";
		};
		BE99A63E2907383F00904FAE /* Image Comments UI */ = {
			isa = PBXGroup;
			children = (
				BE99A642290738DB00904FAE /* Views */,
				BE99A63F2907385600904FAE /* Controllers */,
			);
			path = "Image Comments UI";
			sourceTree = "<group>";
		};
		BE99A63F2907385600904FAE /* Controllers */ = {
			isa = PBXGroup;
			children = (
				BE99A6402907385F00904FAE /* ImageCommentCellController.swift */,
			);
			path = Controllers;
			sourceTree = "<group>";
		};
		BE99A642290738DB00904FAE /* Views */ = {
			isa = PBXGroup;
			children = (
				BE99A64A29073A0700904FAE /* ImageCommentCell.swift */,
				BE99A643290738E600904FAE /* ImageComments.storyboard */,
			);
			path = Views;
			sourceTree = "<group>";
		};
		BE99A6452907395900904FAE /* snapshots */ = {
			isa = PBXGroup;
			children = (
			);
			path = snapshots;
			sourceTree = "<group>";
		};
		BEA263AB28E2106F00EAFE50 /* Helpers */ = {
			isa = PBXGroup;
			children = (
				BEA263AC28E2108600EAFE50 /* UIImage+TestHelpers.swift */,
				BE99A6362907324900904FAE /* UIViewController+Snapshot.swift */,
				BE99A6382907332D00904FAE /* XCTestCase+Shapshot.swift */,
			);
			path = Helpers;
			sourceTree = "<group>";
		};
		BEA263B928E75B6A00EAFE50 /* Image Comments Feature */ = {
			isa = PBXGroup;
			children = (
				BEA263BA28E75B8900EAFE50 /* ImageComment.swift */,
			);
			path = "Image Comments Feature";
			sourceTree = "<group>";
		};
		BEA263BC28E761FE00EAFE50 /* Shared API */ = {
			isa = PBXGroup;
			children = (
				BE080F1927B93906008844B5 /* HTTPClient.swift */,
			);
			path = "Shared API";
			sourceTree = "<group>";
		};
		BEA263BD28E7622100EAFE50 /* Shared API Infra */ = {
			isa = PBXGroup;
			children = (
				BE6C5F8827BF4A3F00C74C0D /* URLSessionHTTPClient.swift */,
			);
			path = "Shared API Infra";
			sourceTree = "<group>";
		};
		BEA263BE28E7625000EAFE50 /* Shared API */ = {
			isa = PBXGroup;
			children = (
			);
			path = "Shared API";
			sourceTree = "<group>";
		};
		BEA263BF28E7625C00EAFE50 /* Shared API Infra */ = {
			isa = PBXGroup;
			children = (
				BE080F1E27BCA6BC008844B5 /* URLSessionHTTPClientTests.swift */,
			);
			path = "Shared API Infra";
			sourceTree = "<group>";
		};
		BEA263C128E762E500EAFE50 /* Image Comments API */ = {
			isa = PBXGroup;
			children = (
				BEA263B728E72E3D00EAFE50 /* ImageCommentsMapper.swift */,
			);
			path = "Image Comments API";
			sourceTree = "<group>";
		};
		BEA263C228E7631E00EAFE50 /* Image Comments API */ = {
			isa = PBXGroup;
			children = (
				BEA263B328E72CB400EAFE50 /* ImageCommentsMapperTests.swift */,
			);
			path = "Image Comments API";
			sourceTree = "<group>";
		};
		BEBD697E27C7C14300B44885 /* Helpers */ = {
			isa = PBXGroup;
			children = (
				BEBD697F27C7C14D00B44885 /* FeedStoreSpy.swift */,
				BEBD698327C94E4D00B44885 /* FeedCacheTestHelpers.swift */,
				BE27FB6D27EC0524006FFC04 /* FeedImageDataStoreSpy.swift */,
			);
			path = Helpers;
			sourceTree = "<group>";
		};
/* End PBXGroup section */

/* Begin PBXHeadersBuildPhase section */
		BE080EEE27B80F00008844B5 /* Headers */ = {
			isa = PBXHeadersBuildPhase;
			buildActionMask = 2147483647;
			files = (
				BE080F0427B80F00008844B5 /* EssentialFeed.h in Headers */,
			);
			runOnlyForDeploymentPostprocessing = 0;
		};
		BE8442B927D2AC3600202281 /* Headers */ = {
			isa = PBXHeadersBuildPhase;
			buildActionMask = 2147483647;
			files = (
			);
			runOnlyForDeploymentPostprocessing = 0;
		};
/* End PBXHeadersBuildPhase section */

/* Begin PBXNativeTarget section */
		BE080EF227B80F00008844B5 /* EssentialFeed */ = {
			isa = PBXNativeTarget;
			buildConfigurationList = BE080F0727B80F00008844B5 /* Build configuration list for PBXNativeTarget "EssentialFeed" */;
			buildPhases = (
				BE080EEE27B80F00008844B5 /* Headers */,
				BE080EEF27B80F00008844B5 /* Sources */,
				BE080EF027B80F00008844B5 /* Frameworks */,
				BE080EF127B80F00008844B5 /* Resources */,
			);
			buildRules = (
			);
			dependencies = (
			);
			name = EssentialFeed;
			productName = EssentialFeed;
			productReference = BE080EF327B80F00008844B5 /* EssentialFeed.framework */;
			productType = "com.apple.product-type.framework";
		};
		BE080EFC27B80F00008844B5 /* EssentialFeedTests */ = {
			isa = PBXNativeTarget;
			buildConfigurationList = BE080F0A27B80F00008844B5 /* Build configuration list for PBXNativeTarget "EssentialFeedTests" */;
			buildPhases = (
				BE080EF927B80F00008844B5 /* Sources */,
				BE080EFA27B80F00008844B5 /* Frameworks */,
				BE080EFB27B80F00008844B5 /* Resources */,
			);
			buildRules = (
			);
			dependencies = (
				BE080F0027B80F00008844B5 /* PBXTargetDependency */,
			);
			name = EssentialFeedTests;
			productName = EssentialFeedTests;
			productReference = BE080EFD27B80F00008844B5 /* EssentialFeedTests.xctest */;
			productType = "com.apple.product-type.bundle.unit-test";
		};
		BE6C5F8D27C013FC00C74C0D /* EssentialFeedAPIEndToEndTests */ = {
			isa = PBXNativeTarget;
			buildConfigurationList = BE6C5F9527C013FC00C74C0D /* Build configuration list for PBXNativeTarget "EssentialFeedAPIEndToEndTests" */;
			buildPhases = (
				BE6C5F8A27C013FC00C74C0D /* Sources */,
				BE6C5F8B27C013FC00C74C0D /* Frameworks */,
				BE6C5F8C27C013FC00C74C0D /* Resources */,
			);
			buildRules = (
			);
			dependencies = (
				BE6C5F9427C013FC00C74C0D /* PBXTargetDependency */,
			);
			name = EssentialFeedAPIEndToEndTests;
			productName = EssentialFeedAPIEndToEndTests;
			productReference = BE6C5F8E27C013FC00C74C0D /* EssentialFeedAPIEndToEndTests.xctest */;
			productType = "com.apple.product-type.bundle.unit-test";
		};
		BE8442A227CFFD1700202281 /* EssentialFeedCacheIntegrationTests */ = {
			isa = PBXNativeTarget;
			buildConfigurationList = BE8442AA27CFFD1700202281 /* Build configuration list for PBXNativeTarget "EssentialFeedCacheIntegrationTests" */;
			buildPhases = (
				BE84429F27CFFD1700202281 /* Sources */,
				BE8442A027CFFD1700202281 /* Frameworks */,
				BE8442A127CFFD1700202281 /* Resources */,
			);
			buildRules = (
			);
			dependencies = (
				BE8442A927CFFD1700202281 /* PBXTargetDependency */,
			);
			name = EssentialFeedCacheIntegrationTests;
			productName = EssentialFeedCacheIntegrationTests;
			productReference = BE8442A327CFFD1700202281 /* EssentialFeedCacheIntegrationTests.xctest */;
			productType = "com.apple.product-type.bundle.unit-test";
		};
		BE8442BD27D2AC3600202281 /* EssentialFeediOS */ = {
			isa = PBXNativeTarget;
			buildConfigurationList = BE8442CF27D2AC3600202281 /* Build configuration list for PBXNativeTarget "EssentialFeediOS" */;
			buildPhases = (
				BE8442B927D2AC3600202281 /* Headers */,
				BE8442BA27D2AC3600202281 /* Sources */,
				BE8442BB27D2AC3600202281 /* Frameworks */,
				BE8442BC27D2AC3600202281 /* Resources */,
				BE8442DC27D30D5B00202281 /* Embed Frameworks */,
			);
			buildRules = (
			);
			dependencies = (
				BE8442DB27D30D5B00202281 /* PBXTargetDependency */,
			);
			name = EssentialFeediOS;
			productName = EssentialFeediOS;
			productReference = BE8442BE27D2AC3600202281 /* EssentialFeediOS.framework */;
			productType = "com.apple.product-type.framework";
		};
		BE8442C627D2AC3600202281 /* EssentialFeediOSTests */ = {
			isa = PBXNativeTarget;
			buildConfigurationList = BE8442D227D2AC3600202281 /* Build configuration list for PBXNativeTarget "EssentialFeediOSTests" */;
			buildPhases = (
				BE8442C327D2AC3600202281 /* Sources */,
				BE8442C427D2AC3600202281 /* Frameworks */,
				BE8442C527D2AC3600202281 /* Resources */,
			);
			buildRules = (
			);
			dependencies = (
				BE8442CA27D2AC3600202281 /* PBXTargetDependency */,
			);
			name = EssentialFeediOSTests;
			productName = EssentialFeediOSTests;
			productReference = BE8442C727D2AC3600202281 /* EssentialFeediOSTests.xctest */;
			productType = "com.apple.product-type.bundle.unit-test";
		};
/* End PBXNativeTarget section */

/* Begin PBXProject section */
		BE080EEA27B80F00008844B5 /* Project object */ = {
			isa = PBXProject;
			attributes = {
				BuildIndependentTargetsInParallel = 1;
				LastSwiftUpdateCheck = 1320;
				LastUpgradeCheck = 1400;
				TargetAttributes = {
					BE080EF227B80F00008844B5 = {
						CreatedOnToolsVersion = 13.2;
					};
					BE080EFC27B80F00008844B5 = {
						CreatedOnToolsVersion = 13.2;
					};
					BE6C5F8D27C013FC00C74C0D = {
						CreatedOnToolsVersion = 13.2;
					};
					BE8442A227CFFD1700202281 = {
						CreatedOnToolsVersion = 13.2;
					};
					BE8442BD27D2AC3600202281 = {
						CreatedOnToolsVersion = 13.2;
					};
					BE8442C627D2AC3600202281 = {
						CreatedOnToolsVersion = 13.2;
						LastSwiftMigration = 1320;
					};
				};
			};
			buildConfigurationList = BE080EED27B80F00008844B5 /* Build configuration list for PBXProject "EssentialFeed" */;
			compatibilityVersion = "Xcode 13.0";
			developmentRegion = en;
			hasScannedForEncodings = 0;
			knownRegions = (
				en,
				Base,
				"pt-BR",
				el,
			);
			mainGroup = BE080EE927B80F00008844B5;
			productRefGroup = BE080EF427B80F00008844B5 /* Products */;
			projectDirPath = "";
			projectRoot = "";
			targets = (
				BE080EF227B80F00008844B5 /* EssentialFeed */,
				BE080EFC27B80F00008844B5 /* EssentialFeedTests */,
				BE6C5F8D27C013FC00C74C0D /* EssentialFeedAPIEndToEndTests */,
				BE8442A227CFFD1700202281 /* EssentialFeedCacheIntegrationTests */,
				BE8442BD27D2AC3600202281 /* EssentialFeediOS */,
				BE8442C627D2AC3600202281 /* EssentialFeediOSTests */,
			);
		};
/* End PBXProject section */

/* Begin PBXResourcesBuildPhase section */
		BE080EF127B80F00008844B5 /* Resources */ = {
			isa = PBXResourcesBuildPhase;
			buildActionMask = 2147483647;
			files = (
				BE27FB4527EA0BF3006FFC04 /* Feed.strings in Resources */,
				BE99A5A428EF257600904FAE /* Shared.strings in Resources */,
				BE99A60F2906CC1000904FAE /* ImageComments.strings in Resources */,
			);
			runOnlyForDeploymentPostprocessing = 0;
		};
		BE080EFB27B80F00008844B5 /* Resources */ = {
			isa = PBXResourcesBuildPhase;
			buildActionMask = 2147483647;
			files = (
			);
			runOnlyForDeploymentPostprocessing = 0;
		};
		BE6C5F8C27C013FC00C74C0D /* Resources */ = {
			isa = PBXResourcesBuildPhase;
			buildActionMask = 2147483647;
			files = (
			);
			runOnlyForDeploymentPostprocessing = 0;
		};
		BE8442A127CFFD1700202281 /* Resources */ = {
			isa = PBXResourcesBuildPhase;
			buildActionMask = 2147483647;
			files = (
			);
			runOnlyForDeploymentPostprocessing = 0;
		};
		BE8442BC27D2AC3600202281 /* Resources */ = {
			isa = PBXResourcesBuildPhase;
			buildActionMask = 2147483647;
			files = (
				BE84437E27DD175900202281 /* Feed.storyboard in Resources */,
				BE99A644290738E600904FAE /* ImageComments.storyboard in Resources */,
				BE84438027DD17AF00202281 /* Feed.xcassets in Resources */,
			);
			runOnlyForDeploymentPostprocessing = 0;
		};
		BE8442C527D2AC3600202281 /* Resources */ = {
			isa = PBXResourcesBuildPhase;
			buildActionMask = 2147483647;
			files = (
				BE99A6302907273100904FAE /* FEED_WITH_FAILED_IMAGE_LOADING_light.png in Resources */,
				BE99A62D2907273100904FAE /* EMPTY_LIST_light.png in Resources */,
				BE99A6282907273100904FAE /* LIST_WITH_ERROR_MESSAGE_dark.png in Resources */,
				BE99A6292907273100904FAE /* FEED_WITH_FAILED_IMAGE_LOADING_dark.png in Resources */,
				BE99A62F2907273100904FAE /* FEED_WITH_CONTENT_light.png in Resources */,
				BE99A6332907273100904FAE /* EMPTY_LIST_dark.png in Resources */,
				BE99A6322907273100904FAE /* LIST_WITH_ERROR_MESSAGE_light.png in Resources */,
				BE99A62B2907273100904FAE /* FEED_WITH_CONTENT_dark.png in Resources */,
			);
			runOnlyForDeploymentPostprocessing = 0;
		};
/* End PBXResourcesBuildPhase section */

/* Begin PBXSourcesBuildPhase section */
		BE080EEF27B80F00008844B5 /* Sources */ = {
			isa = PBXSourcesBuildPhase;
			buildActionMask = 2147483647;
			files = (
				BE99A60A2906CAD300904FAE /* ImageCommentsPresenter.swift in Sources */,
				BEAA737927C6869F00750CD6 /* LocalFeedImage.swift in Sources */,
				BE84429427CFD23900202281 /* FeedStore.xcdatamodeld in Sources */,
				BE55694F281C8863000E0FAC /* FeedImageDataCache.swift in Sources */,
				BE99A6022901C98500904FAE /* ResourceLoadingView.swift in Sources */,
				BE27FB6427EBF599006FFC04 /* HTTPURLResponse+StatusCode.swift in Sources */,
				BE6038B727C5347700637D3D /* FeedStore.swift in Sources */,
				BE27FB7727EC0D07006FFC04 /* CoreDataFeedStore+FeedStore.swift in Sources */,
				BE99A59928EDD7DA00904FAE /* FeedImageDataMapper.swift in Sources */,
				BE27FB4B27EA0D87006FFC04 /* ResourceLoadingViewModel.swift in Sources */,
				BE27FB4927EA0D68006FFC04 /* ResourceErrorViewModel.swift in Sources */,
				BE99A6042901CA1600904FAE /* ResourceErrorView.swift in Sources */,
				BE6C5F8927BF4A3F00C74C0D /* URLSessionHTTPClient.swift in Sources */,
				BE080F1A27B93906008844B5 /* HTTPClient.swift in Sources */,
				BE27FB5A27EBCD07006FFC04 /* FeedImageDataLoader.swift in Sources */,
				BEA263BB28E75B8900EAFE50 /* ImageComment.swift in Sources */,
				BE84429927CFEB6D00202281 /* CoreDataHelpers.swift in Sources */,
				BE27FB5127EA1B88006FFC04 /* FeedImagePresenter.swift in Sources */,
				BE84429127CFD01D00202281 /* CoreDataFeedStore.swift in Sources */,
				BE84429C27CFEC8100202281 /* ManagedCache.swift in Sources */,
				BE27FB5327EA1BFB006FFC04 /* FeedImageViewModel.swift in Sources */,
				BE27FB6A27EC027E006FFC04 /* LocalFeedImageDataLoader.swift in Sources */,
				BE27FB4727EA0C76006FFC04 /* FeedViewModel.swift in Sources */,
				BE080F1C27B939A1008844B5 /* FeedItemsMapper.swift in Sources */,
				BE27FB7527EC0B8A006FFC04 /* CoreDataFeedStore+FeedImageDataLoader.swift in Sources */,
				BE148ACF27CE6F55002C433D /* CodableFeedStore.swift in Sources */,
				BE556945281C3574000E0FAC /* FeedCache.swift in Sources */,
				BE99A59F28EF1E2500904FAE /* LoadResourcePresenter.swift in Sources */,
				BEBD698E27CA70E100B44885 /* FeedCachePolicy.swift in Sources */,
				BE27FB4427EA0B67006FFC04 /* FeedPresenter.swift in Sources */,
				BE27FB6C27EC028A006FFC04 /* FeedImageDataStore.swift in Sources */,
				BE080F1027B80F7B008844B5 /* FeedImage.swift in Sources */,
				BE84429E27CFECB400202281 /* ManagedFeedImage.swift in Sources */,
				BE6038B527C5340700637D3D /* LocalFeedLoader.swift in Sources */,
				BEA263B828E72E3D00EAFE50 /* ImageCommentsMapper.swift in Sources */,
				BE080EF827B80F00008844B5 /* EssentialFeed.docc in Sources */,
			);
			runOnlyForDeploymentPostprocessing = 0;
		};
		BE080EF927B80F00008844B5 /* Sources */ = {
			isa = PBXSourcesBuildPhase;
			buildActionMask = 2147483647;
			files = (
				BEBD699127CD10F500B44885 /* CodableFeedStoreTests.swift in Sources */,
				BEBD698427C94E4D00B44885 /* FeedCacheTestHelpers.swift in Sources */,
				BE27FB4D27EA0ECE006FFC04 /* FeedLocalizationTests.swift in Sources */,
				BE27FB6627EBF614006FFC04 /* URLProtocolStub.swift in Sources */,
				BE27FB4F27EA16FA006FFC04 /* FeedImagePresenterTests.swift in Sources */,
				BEBD698227C948A200B44885 /* ValidateFeedCacheUseCaseTests.swift in Sources */,
				BE27FB7227EC09AE006FFC04 /* CoreDataFeedImageDataStoreTests.swift in Sources */,
				BE27FB7027EC056F006FFC04 /* CacheFeedImageDataUseCaseTests.swift in Sources */,
				BE99A6072906CA2C00904FAE /* ImageCommentsPresenterTests.swift in Sources */,
				BE6C5F8727BF3C7E00C74C0D /* XCTestCase+MemoryLeakTrackingHelper.swift in Sources */,
				BE84428A27CF174300202281 /* XCTestCase+FailableInsertFeedStoreSpecs.swift in Sources */,
				BEBD698027C7C14D00B44885 /* FeedStoreSpy.swift in Sources */,
				BE99A5A328EF24FB00904FAE /* SharedLocalizationTests.swift in Sources */,
				BE27FB3327E9674B006FFC04 /* FeedPresenterTests.swift in Sources */,
				BE99A59C28EF1AF100904FAE /* LoadResourcePresenterTests.swift in Sources */,
				BEBD698627C94EF800B44885 /* SharedTestHelpers.swift in Sources */,
				BE99A59728EDD70100904FAE /* FeedImageDataMapperTests.swift in Sources */,
				BE6038B227C479B000637D3D /* CacheFeedUseCaseTests.swift in Sources */,
				BEBD697D27C7BAB900B44885 /* LoadFeedFromCacheUseCaseTests.swift in Sources */,
				BE99A5AA28EF27E000904FAE /* SharedLocalizationTestHelpers.swift in Sources */,
				BE84428C27CF17AD00202281 /* XCTestCase+FailableDeleteFeedStoreSpecs.swift in Sources */,
				BE84428827CF168D00202281 /* XCTestCase+FailableRetrieveFeedStoreSpecs.swift in Sources */,
				BE27FB6E27EC0524006FFC04 /* FeedImageDataStoreSpy.swift in Sources */,
				BE080F1F27BCA6BC008844B5 /* URLSessionHTTPClientTests.swift in Sources */,
				BE27FB6827EBF6D1006FFC04 /* LoadFeedImageDataFromCacheUseCaseTests.swift in Sources */,
				BEA263B428E72CB500EAFE50 /* ImageCommentsMapperTests.swift in Sources */,
				BE148AD127CEA572002C433D /* FeedStoreSpecs.swift in Sources */,
				BE99A60E2906CBB000904FAE /* ImageCommentsLocalizationTests.swift in Sources */,
				BEBD698F27CBBD1700B44885 /* FeedItemsMapperTests.swift in Sources */,
				BE84428F27CFCF9100202281 /* CoreDataFeedStoreTests.swift in Sources */,
				BE148AD327CEA60B002C433D /* XCTestCase+FeedStoreSpecs.swift in Sources */,
			);
			runOnlyForDeploymentPostprocessing = 0;
		};
		BE6C5F8A27C013FC00C74C0D /* Sources */ = {
			isa = PBXSourcesBuildPhase;
			buildActionMask = 2147483647;
			files = (
				BE6C5F9127C013FC00C74C0D /* EssentialFeedAPIEndToEndTests.swift in Sources */,
				BE6C5F9827C0199800C74C0D /* XCTestCase+MemoryLeakTrackingHelper.swift in Sources */,
			);
			runOnlyForDeploymentPostprocessing = 0;
		};
		BE84429F27CFFD1700202281 /* Sources */ = {
			isa = PBXSourcesBuildPhase;
			buildActionMask = 2147483647;
			files = (
				BE8442AF27D0015A00202281 /* SharedTestHelpers.swift in Sources */,
				BE8442A627CFFD1700202281 /* EssentialFeedCacheIntegrationTests.swift in Sources */,
				BE8442AE27D0014300202281 /* FeedCacheTestHelpers.swift in Sources */,
				BE8442AD27CFFF4D00202281 /* XCTestCase+MemoryLeakTrackingHelper.swift in Sources */,
			);
			runOnlyForDeploymentPostprocessing = 0;
		};
		BE8442BA27D2AC3600202281 /* Sources */ = {
			isa = PBXSourcesBuildPhase;
			buildActionMask = 2147483647;
			files = (
				BE8442DF27D3A1BC00202281 /* ListViewController.swift in Sources */,
				BE27FB3527E96BB8006FFC04 /* ErrorView.swift in Sources */,
				BECB71C827DD3452006E37E9 /* UIImageView+Animations.swift in Sources */,
				BE99A6412907385F00904FAE /* ImageCommentCellController.swift in Sources */,
				BE27FB3A27E96F81006FFC04 /* UIRefreshControl+Helpers.swift in Sources */,
				BEA263AF28E2164E00EAFE50 /* UITableView+HeaderSizing.swift in Sources */,
				BE84430127D680CA00202281 /* FeedImageCellController.swift in Sources */,
				BE8442E427D5583200202281 /* UIView+Shimmering.swift in Sources */,
				BE8442E127D4E7FE00202281 /* FeedImageCell.swift in Sources */,
				BE8442C227D2AC3600202281 /* EssentialFeediOS.docc in Sources */,
				BECB71C627DD3375006E37E9 /* UITableView+Dequeueing.swift in Sources */,
				BE58F623294291DE0058D949 /* CellController.swift in Sources */,
				BE99A64B29073A0700904FAE /* ImageCommentCell.swift in Sources */,
			);
			runOnlyForDeploymentPostprocessing = 0;
		};
		BE8442C327D2AC3600202281 /* Sources */ = {
			isa = PBXSourcesBuildPhase;
			buildActionMask = 2147483647;
			files = (
				BE99A63D2907368000904FAE /* ImageCommentsSnapshotTests.swift in Sources */,
				BE8442DD27D30EC500202281 /* XCTestCase+MemoryLeakTrackingHelper.swift in Sources */,
				BE99A63529072F0200904FAE /* ListSnapshotTests.swift in Sources */,
				BEA263AA28E1F70300EAFE50 /* FeedSnapshotTests.swift in Sources */,
				BEA263AD28E2108600EAFE50 /* UIImage+TestHelpers.swift in Sources */,
				BE99A6392907332D00904FAE /* XCTestCase+Shapshot.swift in Sources */,
				BE99A6372907324900904FAE /* UIViewController+Snapshot.swift in Sources */,
			);
			runOnlyForDeploymentPostprocessing = 0;
		};
/* End PBXSourcesBuildPhase section */

/* Begin PBXTargetDependency section */
		BE080F0027B80F00008844B5 /* PBXTargetDependency */ = {
			isa = PBXTargetDependency;
			target = BE080EF227B80F00008844B5 /* EssentialFeed */;
			targetProxy = BE080EFF27B80F00008844B5 /* PBXContainerItemProxy */;
		};
		BE6C5F9427C013FC00C74C0D /* PBXTargetDependency */ = {
			isa = PBXTargetDependency;
			target = BE080EF227B80F00008844B5 /* EssentialFeed */;
			targetProxy = BE6C5F9327C013FC00C74C0D /* PBXContainerItemProxy */;
		};
		BE8442A927CFFD1700202281 /* PBXTargetDependency */ = {
			isa = PBXTargetDependency;
			target = BE080EF227B80F00008844B5 /* EssentialFeed */;
			targetProxy = BE8442A827CFFD1700202281 /* PBXContainerItemProxy */;
		};
		BE8442CA27D2AC3600202281 /* PBXTargetDependency */ = {
			isa = PBXTargetDependency;
			target = BE8442BD27D2AC3600202281 /* EssentialFeediOS */;
			targetProxy = BE8442C927D2AC3600202281 /* PBXContainerItemProxy */;
		};
		BE8442DB27D30D5B00202281 /* PBXTargetDependency */ = {
			isa = PBXTargetDependency;
			target = BE080EF227B80F00008844B5 /* EssentialFeed */;
			targetProxy = BE8442DA27D30D5B00202281 /* PBXContainerItemProxy */;
		};
/* End PBXTargetDependency section */

/* Begin PBXVariantGroup section */
		BE27FB3F27EA06B1006FFC04 /* Feed.strings */ = {
			isa = PBXVariantGroup;
			children = (
				BE27FB3E27EA06B1006FFC04 /* en */,
				BE27FB4027EA06B3006FFC04 /* el */,
				BE27FB4127EA06B4006FFC04 /* pt-BR */,
			);
			name = Feed.strings;
			sourceTree = "<group>";
		};
		BE99A5A628EF257600904FAE /* Shared.strings */ = {
			isa = PBXVariantGroup;
			children = (
				BE99A5A528EF257600904FAE /* en */,
				BE99A5A728EF257900904FAE /* el */,
				BE99A5A828EF257D00904FAE /* pt-BR */,
			);
			name = Shared.strings;
			sourceTree = "<group>";
		};
		BE99A6112906CC1000904FAE /* ImageComments.strings */ = {
			isa = PBXVariantGroup;
			children = (
				BE99A6102906CC1000904FAE /* en */,
				BE99A6122906CC1400904FAE /* el */,
				BE99A6132906CC1500904FAE /* pt-BR */,
			);
			name = ImageComments.strings;
			sourceTree = "<group>";
		};
/* End PBXVariantGroup section */

/* Begin XCBuildConfiguration section */
		BE080F0527B80F00008844B5 /* Debug */ = {
			isa = XCBuildConfiguration;
			buildSettings = {
				ALWAYS_SEARCH_USER_PATHS = NO;
				CLANG_ANALYZER_LOCALIZABILITY_NONLOCALIZED = YES;
				CLANG_ANALYZER_NONNULL = YES;
				CLANG_ANALYZER_NUMBER_OBJECT_CONVERSION = YES_AGGRESSIVE;
				CLANG_CXX_LANGUAGE_STANDARD = "gnu++17";
				CLANG_CXX_LIBRARY = "libc++";
				CLANG_ENABLE_MODULES = YES;
				CLANG_ENABLE_OBJC_ARC = YES;
				CLANG_ENABLE_OBJC_WEAK = YES;
				CLANG_WARN_BLOCK_CAPTURE_AUTORELEASING = YES;
				CLANG_WARN_BOOL_CONVERSION = YES;
				CLANG_WARN_COMMA = YES;
				CLANG_WARN_CONSTANT_CONVERSION = YES;
				CLANG_WARN_DEPRECATED_OBJC_IMPLEMENTATIONS = YES;
				CLANG_WARN_DIRECT_OBJC_ISA_USAGE = YES_ERROR;
				CLANG_WARN_DOCUMENTATION_COMMENTS = YES;
				CLANG_WARN_EMPTY_BODY = YES;
				CLANG_WARN_ENUM_CONVERSION = YES;
				CLANG_WARN_INFINITE_RECURSION = YES;
				CLANG_WARN_INT_CONVERSION = YES;
				CLANG_WARN_NON_LITERAL_NULL_CONVERSION = YES;
				CLANG_WARN_OBJC_IMPLICIT_RETAIN_SELF = YES;
				CLANG_WARN_OBJC_LITERAL_CONVERSION = YES;
				CLANG_WARN_OBJC_ROOT_CLASS = YES_ERROR;
				CLANG_WARN_QUOTED_INCLUDE_IN_FRAMEWORK_HEADER = YES;
				CLANG_WARN_RANGE_LOOP_ANALYSIS = YES;
				CLANG_WARN_STRICT_PROTOTYPES = YES;
				CLANG_WARN_SUSPICIOUS_MOVE = YES;
				CLANG_WARN_UNGUARDED_AVAILABILITY = YES_AGGRESSIVE;
				CLANG_WARN_UNREACHABLE_CODE = YES;
				CLANG_WARN__DUPLICATE_METHOD_MATCH = YES;
				COPY_PHASE_STRIP = NO;
				CURRENT_PROJECT_VERSION = 1;
				DEAD_CODE_STRIPPING = YES;
				DEBUG_INFORMATION_FORMAT = dwarf;
				ENABLE_STRICT_OBJC_MSGSEND = YES;
				ENABLE_TESTABILITY = YES;
				GCC_C_LANGUAGE_STANDARD = gnu11;
				GCC_DYNAMIC_NO_PIC = NO;
				GCC_NO_COMMON_BLOCKS = YES;
				GCC_OPTIMIZATION_LEVEL = 0;
				GCC_PREPROCESSOR_DEFINITIONS = (
					"DEBUG=1",
					"$(inherited)",
				);
				GCC_WARN_64_TO_32_BIT_CONVERSION = YES;
				GCC_WARN_ABOUT_RETURN_TYPE = YES_ERROR;
				GCC_WARN_UNDECLARED_SELECTOR = YES;
				GCC_WARN_UNINITIALIZED_AUTOS = YES_AGGRESSIVE;
				GCC_WARN_UNUSED_FUNCTION = YES;
				GCC_WARN_UNUSED_VARIABLE = YES;
				IPHONEOS_DEPLOYMENT_TARGET = 15.2;
				MACOSX_DEPLOYMENT_TARGET = 11.5;
				MTL_ENABLE_DEBUG_INFO = INCLUDE_SOURCE;
				MTL_FAST_MATH = YES;
				ONLY_ACTIVE_ARCH = YES;
				SDKROOT = macosx;
				SWIFT_ACTIVE_COMPILATION_CONDITIONS = DEBUG;
				SWIFT_OPTIMIZATION_LEVEL = "-Onone";
				VERSIONING_SYSTEM = "apple-generic";
				VERSION_INFO_PREFIX = "";
			};
			name = Debug;
		};
		BE080F0627B80F00008844B5 /* Release */ = {
			isa = XCBuildConfiguration;
			buildSettings = {
				ALWAYS_SEARCH_USER_PATHS = NO;
				CLANG_ANALYZER_LOCALIZABILITY_NONLOCALIZED = YES;
				CLANG_ANALYZER_NONNULL = YES;
				CLANG_ANALYZER_NUMBER_OBJECT_CONVERSION = YES_AGGRESSIVE;
				CLANG_CXX_LANGUAGE_STANDARD = "gnu++17";
				CLANG_CXX_LIBRARY = "libc++";
				CLANG_ENABLE_MODULES = YES;
				CLANG_ENABLE_OBJC_ARC = YES;
				CLANG_ENABLE_OBJC_WEAK = YES;
				CLANG_WARN_BLOCK_CAPTURE_AUTORELEASING = YES;
				CLANG_WARN_BOOL_CONVERSION = YES;
				CLANG_WARN_COMMA = YES;
				CLANG_WARN_CONSTANT_CONVERSION = YES;
				CLANG_WARN_DEPRECATED_OBJC_IMPLEMENTATIONS = YES;
				CLANG_WARN_DIRECT_OBJC_ISA_USAGE = YES_ERROR;
				CLANG_WARN_DOCUMENTATION_COMMENTS = YES;
				CLANG_WARN_EMPTY_BODY = YES;
				CLANG_WARN_ENUM_CONVERSION = YES;
				CLANG_WARN_INFINITE_RECURSION = YES;
				CLANG_WARN_INT_CONVERSION = YES;
				CLANG_WARN_NON_LITERAL_NULL_CONVERSION = YES;
				CLANG_WARN_OBJC_IMPLICIT_RETAIN_SELF = YES;
				CLANG_WARN_OBJC_LITERAL_CONVERSION = YES;
				CLANG_WARN_OBJC_ROOT_CLASS = YES_ERROR;
				CLANG_WARN_QUOTED_INCLUDE_IN_FRAMEWORK_HEADER = YES;
				CLANG_WARN_RANGE_LOOP_ANALYSIS = YES;
				CLANG_WARN_STRICT_PROTOTYPES = YES;
				CLANG_WARN_SUSPICIOUS_MOVE = YES;
				CLANG_WARN_UNGUARDED_AVAILABILITY = YES_AGGRESSIVE;
				CLANG_WARN_UNREACHABLE_CODE = YES;
				CLANG_WARN__DUPLICATE_METHOD_MATCH = YES;
				COPY_PHASE_STRIP = NO;
				CURRENT_PROJECT_VERSION = 1;
				DEAD_CODE_STRIPPING = YES;
				DEBUG_INFORMATION_FORMAT = "dwarf-with-dsym";
				ENABLE_NS_ASSERTIONS = NO;
				ENABLE_STRICT_OBJC_MSGSEND = YES;
				GCC_C_LANGUAGE_STANDARD = gnu11;
				GCC_NO_COMMON_BLOCKS = YES;
				GCC_WARN_64_TO_32_BIT_CONVERSION = YES;
				GCC_WARN_ABOUT_RETURN_TYPE = YES_ERROR;
				GCC_WARN_UNDECLARED_SELECTOR = YES;
				GCC_WARN_UNINITIALIZED_AUTOS = YES_AGGRESSIVE;
				GCC_WARN_UNUSED_FUNCTION = YES;
				GCC_WARN_UNUSED_VARIABLE = YES;
				IPHONEOS_DEPLOYMENT_TARGET = 15.2;
				MACOSX_DEPLOYMENT_TARGET = 11.5;
				MTL_ENABLE_DEBUG_INFO = NO;
				MTL_FAST_MATH = YES;
				SDKROOT = macosx;
				SWIFT_COMPILATION_MODE = wholemodule;
				SWIFT_OPTIMIZATION_LEVEL = "-O";
				VERSIONING_SYSTEM = "apple-generic";
				VERSION_INFO_PREFIX = "";
			};
			name = Release;
		};
		BE080F0827B80F00008844B5 /* Debug */ = {
			isa = XCBuildConfiguration;
			buildSettings = {
				CODE_SIGN_STYLE = Automatic;
				COMBINE_HIDPI_IMAGES = YES;
				CURRENT_PROJECT_VERSION = 1;
				DEAD_CODE_STRIPPING = YES;
				DEFINES_MODULE = YES;
				DEVELOPMENT_TEAM = 77QB78PHPH;
				DYLIB_COMPATIBILITY_VERSION = 1;
				DYLIB_CURRENT_VERSION = 1;
				DYLIB_INSTALL_NAME_BASE = "@rpath";
				GENERATE_INFOPLIST_FILE = YES;
				INFOPLIST_KEY_NSHumanReadableCopyright = "";
				INSTALL_PATH = "$(LOCAL_LIBRARY_DIR)/Frameworks";
				LD_RUNPATH_SEARCH_PATHS = (
					"$(inherited)",
					"@executable_path/../Frameworks",
					"@loader_path/Frameworks",
				);
				MACOSX_DEPLOYMENT_TARGET = 11.5;
				MARKETING_VERSION = 1.0;
				PRODUCT_BUNDLE_IDENTIFIER = saults.EssentialFeed;
				PRODUCT_NAME = "$(TARGET_NAME:c99extidentifier)";
				SKIP_INSTALL = YES;
				SUPPORTED_PLATFORMS = "macosx iphoneos iphonesimulator";
				SWIFT_EMIT_LOC_STRINGS = YES;
				SWIFT_VERSION = 5.0;
			};
			name = Debug;
		};
		BE080F0927B80F00008844B5 /* Release */ = {
			isa = XCBuildConfiguration;
			buildSettings = {
				CODE_SIGN_STYLE = Automatic;
				COMBINE_HIDPI_IMAGES = YES;
				CURRENT_PROJECT_VERSION = 1;
				DEAD_CODE_STRIPPING = YES;
				DEFINES_MODULE = YES;
				DEVELOPMENT_TEAM = 77QB78PHPH;
				DYLIB_COMPATIBILITY_VERSION = 1;
				DYLIB_CURRENT_VERSION = 1;
				DYLIB_INSTALL_NAME_BASE = "@rpath";
				GENERATE_INFOPLIST_FILE = YES;
				INFOPLIST_KEY_NSHumanReadableCopyright = "";
				INSTALL_PATH = "$(LOCAL_LIBRARY_DIR)/Frameworks";
				LD_RUNPATH_SEARCH_PATHS = (
					"$(inherited)",
					"@executable_path/../Frameworks",
					"@loader_path/Frameworks",
				);
				MACOSX_DEPLOYMENT_TARGET = 11.5;
				MARKETING_VERSION = 1.0;
				PRODUCT_BUNDLE_IDENTIFIER = saults.EssentialFeed;
				PRODUCT_NAME = "$(TARGET_NAME:c99extidentifier)";
				SKIP_INSTALL = YES;
				SUPPORTED_PLATFORMS = "macosx iphoneos iphonesimulator";
				SWIFT_EMIT_LOC_STRINGS = YES;
				SWIFT_VERSION = 5.0;
			};
			name = Release;
		};
		BE080F0B27B80F00008844B5 /* Debug */ = {
			isa = XCBuildConfiguration;
			buildSettings = {
				ALWAYS_EMBED_SWIFT_STANDARD_LIBRARIES = YES;
				CODE_SIGN_STYLE = Automatic;
				CURRENT_PROJECT_VERSION = 1;
				DEAD_CODE_STRIPPING = YES;
				DEVELOPMENT_TEAM = 77QB78PHPH;
				GENERATE_INFOPLIST_FILE = YES;
				MACOSX_DEPLOYMENT_TARGET = 11.5;
				MARKETING_VERSION = 1.0;
				PRODUCT_BUNDLE_IDENTIFIER = saults.EssentialFeedTests;
				PRODUCT_NAME = "$(TARGET_NAME)";
				SUPPORTED_PLATFORMS = "macosx iphoneos iphonesimulator";
				SWIFT_EMIT_LOC_STRINGS = NO;
				SWIFT_VERSION = 5.0;
			};
			name = Debug;
		};
		BE080F0C27B80F00008844B5 /* Release */ = {
			isa = XCBuildConfiguration;
			buildSettings = {
				ALWAYS_EMBED_SWIFT_STANDARD_LIBRARIES = YES;
				CODE_SIGN_STYLE = Automatic;
				CURRENT_PROJECT_VERSION = 1;
				DEAD_CODE_STRIPPING = YES;
				DEVELOPMENT_TEAM = 77QB78PHPH;
				GENERATE_INFOPLIST_FILE = YES;
				MACOSX_DEPLOYMENT_TARGET = 11.5;
				MARKETING_VERSION = 1.0;
				PRODUCT_BUNDLE_IDENTIFIER = saults.EssentialFeedTests;
				PRODUCT_NAME = "$(TARGET_NAME)";
				SUPPORTED_PLATFORMS = "macosx iphoneos iphonesimulator";
				SWIFT_EMIT_LOC_STRINGS = NO;
				SWIFT_VERSION = 5.0;
			};
			name = Release;
		};
		BE6C5F9627C013FC00C74C0D /* Debug */ = {
			isa = XCBuildConfiguration;
			buildSettings = {
				CODE_SIGN_STYLE = Automatic;
				CURRENT_PROJECT_VERSION = 1;
				DEAD_CODE_STRIPPING = YES;
				DEVELOPMENT_TEAM = 77QB78PHPH;
				GENERATE_INFOPLIST_FILE = YES;
				MACOSX_DEPLOYMENT_TARGET = 11.5;
				MARKETING_VERSION = 1.0;
				PRODUCT_BUNDLE_IDENTIFIER = saults.EssentialFeedAPIEndToEndTests;
				PRODUCT_NAME = "$(TARGET_NAME)";
				SUPPORTED_PLATFORMS = "macosx iphoneos iphonesimulator";
				SWIFT_EMIT_LOC_STRINGS = NO;
				SWIFT_VERSION = 5.0;
			};
			name = Debug;
		};
		BE6C5F9727C013FC00C74C0D /* Release */ = {
			isa = XCBuildConfiguration;
			buildSettings = {
				CODE_SIGN_STYLE = Automatic;
				CURRENT_PROJECT_VERSION = 1;
				DEAD_CODE_STRIPPING = YES;
				DEVELOPMENT_TEAM = 77QB78PHPH;
				GENERATE_INFOPLIST_FILE = YES;
				MACOSX_DEPLOYMENT_TARGET = 11.5;
				MARKETING_VERSION = 1.0;
				PRODUCT_BUNDLE_IDENTIFIER = saults.EssentialFeedAPIEndToEndTests;
				PRODUCT_NAME = "$(TARGET_NAME)";
				SUPPORTED_PLATFORMS = "macosx iphoneos iphonesimulator";
				SWIFT_EMIT_LOC_STRINGS = NO;
				SWIFT_VERSION = 5.0;
			};
			name = Release;
		};
		BE8442AB27CFFD1700202281 /* Debug */ = {
			isa = XCBuildConfiguration;
			buildSettings = {
				CODE_SIGN_STYLE = Automatic;
				CURRENT_PROJECT_VERSION = 1;
				DEAD_CODE_STRIPPING = YES;
				DEVELOPMENT_TEAM = 77QB78PHPH;
				GENERATE_INFOPLIST_FILE = YES;
				MACOSX_DEPLOYMENT_TARGET = 12.1;
				MARKETING_VERSION = 1.0;
				PRODUCT_BUNDLE_IDENTIFIER = saults.EssentialFeedCacheIntegrationTests;
				PRODUCT_NAME = "$(TARGET_NAME)";
				SUPPORTED_PLATFORMS = "macosx iphoneos iphonesimulator";
				SWIFT_EMIT_LOC_STRINGS = NO;
				SWIFT_VERSION = 5.0;
			};
			name = Debug;
		};
		BE8442AC27CFFD1700202281 /* Release */ = {
			isa = XCBuildConfiguration;
			buildSettings = {
				CODE_SIGN_STYLE = Automatic;
				CURRENT_PROJECT_VERSION = 1;
				DEAD_CODE_STRIPPING = YES;
				DEVELOPMENT_TEAM = 77QB78PHPH;
				GENERATE_INFOPLIST_FILE = YES;
				MACOSX_DEPLOYMENT_TARGET = 12.1;
				MARKETING_VERSION = 1.0;
				PRODUCT_BUNDLE_IDENTIFIER = saults.EssentialFeedCacheIntegrationTests;
				PRODUCT_NAME = "$(TARGET_NAME)";
				SUPPORTED_PLATFORMS = "macosx iphoneos iphonesimulator";
				SWIFT_EMIT_LOC_STRINGS = NO;
				SWIFT_VERSION = 5.0;
			};
			name = Release;
		};
		BE8442D027D2AC3600202281 /* Debug */ = {
			isa = XCBuildConfiguration;
			buildSettings = {
				CODE_SIGN_STYLE = Automatic;
				CURRENT_PROJECT_VERSION = 1;
				DEFINES_MODULE = YES;
				DEVELOPMENT_TEAM = 77QB78PHPH;
				DYLIB_COMPATIBILITY_VERSION = 1;
				DYLIB_CURRENT_VERSION = 1;
				DYLIB_INSTALL_NAME_BASE = "@rpath";
				GENERATE_INFOPLIST_FILE = YES;
				INFOPLIST_KEY_NSHumanReadableCopyright = "";
				INSTALL_PATH = "$(LOCAL_LIBRARY_DIR)/Frameworks";
				IPHONEOS_DEPLOYMENT_TARGET = 15.2;
				LD_RUNPATH_SEARCH_PATHS = (
					"$(inherited)",
					"@executable_path/Frameworks",
					"@loader_path/Frameworks",
				);
				MARKETING_VERSION = 1.0;
				PRODUCT_BUNDLE_IDENTIFIER = saults.EssentialFeediOS;
				PRODUCT_NAME = "$(TARGET_NAME:c99extidentifier)";
				SDKROOT = iphoneos;
				SKIP_INSTALL = YES;
				SWIFT_EMIT_LOC_STRINGS = YES;
				SWIFT_VERSION = 5.0;
				TARGETED_DEVICE_FAMILY = "1,2";
			};
			name = Debug;
		};
		BE8442D127D2AC3600202281 /* Release */ = {
			isa = XCBuildConfiguration;
			buildSettings = {
				CODE_SIGN_STYLE = Automatic;
				CURRENT_PROJECT_VERSION = 1;
				DEFINES_MODULE = YES;
				DEVELOPMENT_TEAM = 77QB78PHPH;
				DYLIB_COMPATIBILITY_VERSION = 1;
				DYLIB_CURRENT_VERSION = 1;
				DYLIB_INSTALL_NAME_BASE = "@rpath";
				GENERATE_INFOPLIST_FILE = YES;
				INFOPLIST_KEY_NSHumanReadableCopyright = "";
				INSTALL_PATH = "$(LOCAL_LIBRARY_DIR)/Frameworks";
				IPHONEOS_DEPLOYMENT_TARGET = 15.2;
				LD_RUNPATH_SEARCH_PATHS = (
					"$(inherited)",
					"@executable_path/Frameworks",
					"@loader_path/Frameworks",
				);
				MARKETING_VERSION = 1.0;
				PRODUCT_BUNDLE_IDENTIFIER = saults.EssentialFeediOS;
				PRODUCT_NAME = "$(TARGET_NAME:c99extidentifier)";
				SDKROOT = iphoneos;
				SKIP_INSTALL = YES;
				SWIFT_EMIT_LOC_STRINGS = YES;
				SWIFT_VERSION = 5.0;
				TARGETED_DEVICE_FAMILY = "1,2";
				VALIDATE_PRODUCT = YES;
			};
			name = Release;
		};
		BE8442D327D2AC3600202281 /* Debug */ = {
			isa = XCBuildConfiguration;
			buildSettings = {
				ALWAYS_EMBED_SWIFT_STANDARD_LIBRARIES = YES;
				CLANG_ENABLE_MODULES = YES;
				CODE_SIGN_STYLE = Automatic;
				CURRENT_PROJECT_VERSION = 1;
				DEVELOPMENT_TEAM = 77QB78PHPH;
				GENERATE_INFOPLIST_FILE = YES;
				IPHONEOS_DEPLOYMENT_TARGET = 15.2;
				LD_RUNPATH_SEARCH_PATHS = (
					"$(inherited)",
					"@executable_path/Frameworks",
					"@loader_path/Frameworks",
				);
				MARKETING_VERSION = 1.0;
				PRODUCT_BUNDLE_IDENTIFIER = saults.EssentialFeediOSTests;
				PRODUCT_NAME = "$(TARGET_NAME)";
				SDKROOT = iphoneos;
				SWIFT_EMIT_LOC_STRINGS = NO;
				SWIFT_OPTIMIZATION_LEVEL = "-Onone";
				SWIFT_VERSION = 5.0;
				TARGETED_DEVICE_FAMILY = "1,2";
			};
			name = Debug;
		};
		BE8442D427D2AC3600202281 /* Release */ = {
			isa = XCBuildConfiguration;
			buildSettings = {
				ALWAYS_EMBED_SWIFT_STANDARD_LIBRARIES = YES;
				CLANG_ENABLE_MODULES = YES;
				CODE_SIGN_STYLE = Automatic;
				CURRENT_PROJECT_VERSION = 1;
				DEVELOPMENT_TEAM = 77QB78PHPH;
				GENERATE_INFOPLIST_FILE = YES;
				IPHONEOS_DEPLOYMENT_TARGET = 15.2;
				LD_RUNPATH_SEARCH_PATHS = (
					"$(inherited)",
					"@executable_path/Frameworks",
					"@loader_path/Frameworks",
				);
				MARKETING_VERSION = 1.0;
				PRODUCT_BUNDLE_IDENTIFIER = saults.EssentialFeediOSTests;
				PRODUCT_NAME = "$(TARGET_NAME)";
				SDKROOT = iphoneos;
				SWIFT_EMIT_LOC_STRINGS = NO;
				SWIFT_VERSION = 5.0;
				TARGETED_DEVICE_FAMILY = "1,2";
				VALIDATE_PRODUCT = YES;
			};
			name = Release;
		};
/* End XCBuildConfiguration section */

/* Begin XCConfigurationList section */
		BE080EED27B80F00008844B5 /* Build configuration list for PBXProject "EssentialFeed" */ = {
			isa = XCConfigurationList;
			buildConfigurations = (
				BE080F0527B80F00008844B5 /* Debug */,
				BE080F0627B80F00008844B5 /* Release */,
			);
			defaultConfigurationIsVisible = 0;
			defaultConfigurationName = Release;
		};
		BE080F0727B80F00008844B5 /* Build configuration list for PBXNativeTarget "EssentialFeed" */ = {
			isa = XCConfigurationList;
			buildConfigurations = (
				BE080F0827B80F00008844B5 /* Debug */,
				BE080F0927B80F00008844B5 /* Release */,
			);
			defaultConfigurationIsVisible = 0;
			defaultConfigurationName = Release;
		};
		BE080F0A27B80F00008844B5 /* Build configuration list for PBXNativeTarget "EssentialFeedTests" */ = {
			isa = XCConfigurationList;
			buildConfigurations = (
				BE080F0B27B80F00008844B5 /* Debug */,
				BE080F0C27B80F00008844B5 /* Release */,
			);
			defaultConfigurationIsVisible = 0;
			defaultConfigurationName = Release;
		};
		BE6C5F9527C013FC00C74C0D /* Build configuration list for PBXNativeTarget "EssentialFeedAPIEndToEndTests" */ = {
			isa = XCConfigurationList;
			buildConfigurations = (
				BE6C5F9627C013FC00C74C0D /* Debug */,
				BE6C5F9727C013FC00C74C0D /* Release */,
			);
			defaultConfigurationIsVisible = 0;
			defaultConfigurationName = Release;
		};
		BE8442AA27CFFD1700202281 /* Build configuration list for PBXNativeTarget "EssentialFeedCacheIntegrationTests" */ = {
			isa = XCConfigurationList;
			buildConfigurations = (
				BE8442AB27CFFD1700202281 /* Debug */,
				BE8442AC27CFFD1700202281 /* Release */,
			);
			defaultConfigurationIsVisible = 0;
			defaultConfigurationName = Release;
		};
		BE8442CF27D2AC3600202281 /* Build configuration list for PBXNativeTarget "EssentialFeediOS" */ = {
			isa = XCConfigurationList;
			buildConfigurations = (
				BE8442D027D2AC3600202281 /* Debug */,
				BE8442D127D2AC3600202281 /* Release */,
			);
			defaultConfigurationIsVisible = 0;
			defaultConfigurationName = Release;
		};
		BE8442D227D2AC3600202281 /* Build configuration list for PBXNativeTarget "EssentialFeediOSTests" */ = {
			isa = XCConfigurationList;
			buildConfigurations = (
				BE8442D327D2AC3600202281 /* Debug */,
				BE8442D427D2AC3600202281 /* Release */,
			);
			defaultConfigurationIsVisible = 0;
			defaultConfigurationName = Release;
		};
/* End XCConfigurationList section */

/* Begin XCVersionGroup section */
		BE84429227CFD23900202281 /* FeedStore.xcdatamodeld */ = {
			isa = XCVersionGroup;
			children = (
				BE27FB7327EC0AB0006FFC04 /* FeedStore2.xcdatamodel */,
				BE84429327CFD23900202281 /* FeedStore.xcdatamodel */,
			);
			currentVersion = BE27FB7327EC0AB0006FFC04 /* FeedStore2.xcdatamodel */;
			path = FeedStore.xcdatamodeld;
			sourceTree = "<group>";
			versionGroupType = wrapper.xcdatamodel;
		};
/* End XCVersionGroup section */
	};
	rootObject = BE080EEA27B80F00008844B5 /* Project object */;
}
